{
  "version": 4,
  "terraform_version": "1.3.4",
  "serial": 968,
  "lineage": "898890cf-6fb7-9583-e8be-25ba26ac9234",
  "outputs": {},
  "resources": [
    {
      "module": "module.Bastion-Jump-Host",
      "mode": "managed",
      "type": "aws_instance",
      "name": "bastion_az1",
      "provider": "provider[\"registry.terraform.io/hashicorp/aws\"]",
      "instances": [
        {
          "index_key": 0,
          "schema_version": 1,
          "attributes": {
            "ami": "ami-0aa7d40eeae50c9a9",
            "arn": "arn:aws:ec2:us-east-1:505724956953:instance/i-069fe8a0204607587",
            "associate_public_ip_address": true,
            "availability_zone": "us-east-1a",
            "capacity_reservation_specification": [
              {
                "capacity_reservation_preference": "open",
                "capacity_reservation_target": []
              }
            ],
            "cpu_core_count": 1,
            "cpu_threads_per_core": 1,
            "credit_specification": [
              {
                "cpu_credits": "standard"
              }
            ],
            "disable_api_stop": false,
            "disable_api_termination": false,
            "ebs_block_device": [],
            "ebs_optimized": false,
            "enclave_options": [
              {
                "enabled": false
              }
            ],
            "ephemeral_block_device": [],
            "get_password_data": false,
            "hibernation": false,
            "host_id": null,
            "host_resource_group_arn": null,
            "iam_instance_profile": "",
            "id": "i-069fe8a0204607587",
            "instance_initiated_shutdown_behavior": "stop",
            "instance_state": "running",
            "instance_type": "t2.micro",
            "ipv6_address_count": 0,
            "ipv6_addresses": [],
            "key_name": "GXI-key",
            "launch_template": [],
            "maintenance_options": [
              {
                "auto_recovery": "default"
              }
            ],
            "metadata_options": [
              {
                "http_endpoint": "enabled",
                "http_put_response_hop_limit": 1,
                "http_tokens": "optional",
                "instance_metadata_tags": "disabled"
              }
            ],
            "monitoring": false,
            "network_interface": [],
            "outpost_arn": "",
            "password_data": "",
            "placement_group": "",
            "placement_partition_number": null,
            "primary_network_interface_id": "eni-0688d3ef4a8cbe883",
            "private_dns": "ip-10-0-0-242.ec2.internal",
            "private_dns_name_options": [
              {
                "enable_resource_name_dns_a_record": false,
                "enable_resource_name_dns_aaaa_record": false,
                "hostname_type": "ip-name"
              }
            ],
            "private_ip": "10.0.0.242",
            "public_dns": "ec2-34-229-251-132.compute-1.amazonaws.com",
            "public_ip": "34.229.251.132",
            "root_block_device": [
              {
                "delete_on_termination": true,
                "device_name": "/dev/xvda",
                "encrypted": false,
                "iops": 100,
                "kms_key_id": "",
                "tags": {},
                "throughput": 0,
                "volume_id": "vol-0ad0214fefee4c0f4",
                "volume_size": 8,
                "volume_type": "gp2"
              }
            ],
            "secondary_private_ips": [],
            "security_groups": [
              "sg-0ccd3624e9fdedeff"
            ],
            "source_dest_check": true,
            "subnet_id": "subnet-00f479f38f463f85f",
            "tags": {
              "Name": "Bastion-jump-host-az1"
            },
            "tags_all": {
              "Name": "Bastion-jump-host-az1"
            },
            "tenancy": "default",
            "timeouts": null,
            "user_data": "a54542968aa9fa2487e25fae45afe9662a719415",
            "user_data_base64": null,
            "user_data_replace_on_change": false,
            "volume_tags": null,
            "vpc_security_group_ids": [
              "sg-0ccd3624e9fdedeff"
            ]
          },
          "sensitive_attributes": [],
          "private": "eyJlMmJmYjczMC1lY2FhLTExZTYtOGY4OC0zNDM2M2JjN2M0YzAiOnsiY3JlYXRlIjo2MDAwMDAwMDAwMDAsImRlbGV0ZSI6MTIwMDAwMDAwMDAwMCwidXBkYXRlIjo2MDAwMDAwMDAwMDB9LCJzY2hlbWFfdmVyc2lvbiI6IjEifQ==",
          "dependencies": [
            "module.VPC.aws_subnet.public_subnet_az1",
            "module.security_groups.aws_security_group.bastion_host_security_group"
          ]
        }
      ]
    },
    {
      "module": "module.Bastion-Jump-Host",
      "mode": "managed",
      "type": "aws_instance",
      "name": "bastion_az2",
      "provider": "provider[\"registry.terraform.io/hashicorp/aws\"]",
      "instances": [
        {
          "index_key": 0,
          "schema_version": 1,
          "attributes": {
            "ami": "ami-0aa7d40eeae50c9a9",
            "arn": "arn:aws:ec2:us-east-1:505724956953:instance/i-0bd6bacbb2a9155d7",
            "associate_public_ip_address": true,
            "availability_zone": "us-east-1b",
            "capacity_reservation_specification": [
              {
                "capacity_reservation_preference": "open",
                "capacity_reservation_target": []
              }
            ],
            "cpu_core_count": 1,
            "cpu_threads_per_core": 1,
            "credit_specification": [
              {
                "cpu_credits": "standard"
              }
            ],
            "disable_api_stop": false,
            "disable_api_termination": false,
            "ebs_block_device": [],
            "ebs_optimized": false,
            "enclave_options": [
              {
                "enabled": false
              }
            ],
            "ephemeral_block_device": [],
            "get_password_data": false,
            "hibernation": false,
            "host_id": null,
            "host_resource_group_arn": null,
            "iam_instance_profile": "",
            "id": "i-0bd6bacbb2a9155d7",
            "instance_initiated_shutdown_behavior": "stop",
            "instance_state": "running",
            "instance_type": "t2.micro",
            "ipv6_address_count": 0,
            "ipv6_addresses": [],
            "key_name": "GXI-key",
            "launch_template": [],
            "maintenance_options": [
              {
                "auto_recovery": "default"
              }
            ],
            "metadata_options": [
              {
                "http_endpoint": "enabled",
                "http_put_response_hop_limit": 1,
                "http_tokens": "optional",
                "instance_metadata_tags": "disabled"
              }
            ],
            "monitoring": false,
            "network_interface": [],
            "outpost_arn": "",
            "password_data": "",
            "placement_group": "",
            "placement_partition_number": null,
            "primary_network_interface_id": "eni-01fe52edb93ceeee8",
            "private_dns": "ip-10-0-1-196.ec2.internal",
            "private_dns_name_options": [
              {
                "enable_resource_name_dns_a_record": false,
                "enable_resource_name_dns_aaaa_record": false,
                "hostname_type": "ip-name"
              }
            ],
            "private_ip": "10.0.1.196",
            "public_dns": "ec2-100-25-77-139.compute-1.amazonaws.com",
            "public_ip": "100.25.77.139",
            "root_block_device": [
              {
                "delete_on_termination": true,
                "device_name": "/dev/xvda",
                "encrypted": false,
                "iops": 100,
                "kms_key_id": "",
                "tags": {},
                "throughput": 0,
                "volume_id": "vol-071422c480ce05350",
                "volume_size": 8,
                "volume_type": "gp2"
              }
            ],
            "secondary_private_ips": [],
            "security_groups": [
              "sg-0ccd3624e9fdedeff"
            ],
            "source_dest_check": true,
            "subnet_id": "subnet-083427f02aa8a49c7",
            "tags": {
              "Name": "Bastion-jump-host-az2"
            },
            "tags_all": {
              "Name": "Bastion-jump-host-az2"
            },
            "tenancy": "default",
            "timeouts": null,
            "user_data": "a95c965034c5593b70baf242a88b33bc79011d19",
            "user_data_base64": null,
            "user_data_replace_on_change": false,
            "volume_tags": null,
            "vpc_security_group_ids": [
              "sg-0ccd3624e9fdedeff"
            ]
          },
          "sensitive_attributes": [],
          "private": "eyJlMmJmYjczMC1lY2FhLTExZTYtOGY4OC0zNDM2M2JjN2M0YzAiOnsiY3JlYXRlIjo2MDAwMDAwMDAwMDAsImRlbGV0ZSI6MTIwMDAwMDAwMDAwMCwidXBkYXRlIjo2MDAwMDAwMDAwMDB9LCJzY2hlbWFfdmVyc2lvbiI6IjEifQ==",
          "dependencies": [
            "module.VPC.aws_subnet.public_subnet_az2",
            "module.security_groups.aws_security_group.bastion_host_security_group"
          ]
        }
      ]
    },
    {
      "module": "module.Bastion-Jump-Host",
      "mode": "managed",
      "type": "aws_instance",
      "name": "bastion_az3",
      "provider": "provider[\"registry.terraform.io/hashicorp/aws\"]",
      "instances": [
        {
          "index_key": 0,
          "schema_version": 1,
          "attributes": {
            "ami": "ami-0aa7d40eeae50c9a9",
            "arn": "arn:aws:ec2:us-east-1:505724956953:instance/i-09d729b2e1e6cc3f3",
            "associate_public_ip_address": true,
            "availability_zone": "us-east-1c",
            "capacity_reservation_specification": [
              {
                "capacity_reservation_preference": "open",
                "capacity_reservation_target": []
              }
            ],
            "cpu_core_count": 1,
            "cpu_threads_per_core": 1,
            "credit_specification": [
              {
                "cpu_credits": "standard"
              }
            ],
            "disable_api_stop": false,
            "disable_api_termination": false,
            "ebs_block_device": [],
            "ebs_optimized": false,
            "enclave_options": [
              {
                "enabled": false
              }
            ],
            "ephemeral_block_device": [],
            "get_password_data": false,
            "hibernation": false,
            "host_id": null,
            "host_resource_group_arn": null,
            "iam_instance_profile": "",
            "id": "i-09d729b2e1e6cc3f3",
            "instance_initiated_shutdown_behavior": "stop",
            "instance_state": "running",
            "instance_type": "t2.micro",
            "ipv6_address_count": 0,
            "ipv6_addresses": [],
            "key_name": "GXI-key",
            "launch_template": [],
            "maintenance_options": [
              {
                "auto_recovery": "default"
              }
            ],
            "metadata_options": [
              {
                "http_endpoint": "enabled",
                "http_put_response_hop_limit": 1,
                "http_tokens": "optional",
                "instance_metadata_tags": "disabled"
              }
            ],
            "monitoring": false,
            "network_interface": [],
            "outpost_arn": "",
            "password_data": "",
            "placement_group": "",
            "placement_partition_number": null,
            "primary_network_interface_id": "eni-08350ba61528e7c5c",
            "private_dns": "ip-10-0-2-187.ec2.internal",
            "private_dns_name_options": [
              {
                "enable_resource_name_dns_a_record": false,
                "enable_resource_name_dns_aaaa_record": false,
                "hostname_type": "ip-name"
              }
            ],
            "private_ip": "10.0.2.187",
            "public_dns": "ec2-34-205-63-15.compute-1.amazonaws.com",
            "public_ip": "34.205.63.15",
            "root_block_device": [
              {
                "delete_on_termination": true,
                "device_name": "/dev/xvda",
                "encrypted": false,
                "iops": 100,
                "kms_key_id": "",
                "tags": {},
                "throughput": 0,
                "volume_id": "vol-0f225b84db8128162",
                "volume_size": 8,
                "volume_type": "gp2"
              }
            ],
            "secondary_private_ips": [],
            "security_groups": [
              "sg-0ccd3624e9fdedeff"
            ],
            "source_dest_check": true,
            "subnet_id": "subnet-040702419b6f41a03",
            "tags": {
              "Name": "Bastion-jump-host-az3"
            },
            "tags_all": {
              "Name": "Bastion-jump-host-az3"
            },
            "tenancy": "default",
            "timeouts": null,
            "user_data": "67bfb54ab3f690e757b0bfe8b7cc0b3aca500627",
            "user_data_base64": null,
            "user_data_replace_on_change": false,
            "volume_tags": null,
            "vpc_security_group_ids": [
              "sg-0ccd3624e9fdedeff"
            ]
          },
          "sensitive_attributes": [],
          "private": "eyJlMmJmYjczMC1lY2FhLTExZTYtOGY4OC0zNDM2M2JjN2M0YzAiOnsiY3JlYXRlIjo2MDAwMDAwMDAwMDAsImRlbGV0ZSI6MTIwMDAwMDAwMDAwMCwidXBkYXRlIjo2MDAwMDAwMDAwMDB9LCJzY2hlbWFfdmVyc2lvbiI6IjEifQ==",
          "dependencies": [
            "module.VPC.aws_subnet.public_subnet_az3",
            "module.security_groups.aws_security_group.bastion_host_security_group"
          ]
        }
      ]
    },
    {
      "module": "module.EC2",
      "mode": "managed",
      "type": "aws_instance",
      "name": "instance_az1",
      "provider": "provider[\"registry.terraform.io/hashicorp/aws\"]",
      "instances": [
        {
          "index_key": 0,
          "schema_version": 1,
          "attributes": {
            "ami": "ami-0aa7d40eeae50c9a9",
            "arn": "arn:aws:ec2:us-east-1:505724956953:instance/i-03c7146eda0d84370",
            "associate_public_ip_address": false,
            "availability_zone": "us-east-1a",
            "capacity_reservation_specification": [
              {
                "capacity_reservation_preference": "open",
                "capacity_reservation_target": []
              }
            ],
            "cpu_core_count": 1,
            "cpu_threads_per_core": 1,
            "credit_specification": [
              {
                "cpu_credits": "standard"
              }
            ],
            "disable_api_stop": false,
            "disable_api_termination": false,
            "ebs_block_device": [],
            "ebs_optimized": false,
            "enclave_options": [
              {
                "enabled": false
              }
            ],
            "ephemeral_block_device": [],
            "get_password_data": false,
            "hibernation": false,
            "host_id": null,
            "host_resource_group_arn": null,
            "iam_instance_profile": "",
            "id": "i-03c7146eda0d84370",
            "instance_initiated_shutdown_behavior": "stop",
            "instance_state": "running",
            "instance_type": "t2.micro",
            "ipv6_address_count": 0,
            "ipv6_addresses": [],
            "key_name": "GXI-key",
            "launch_template": [],
            "maintenance_options": [
              {
                "auto_recovery": "default"
              }
            ],
            "metadata_options": [
              {
                "http_endpoint": "enabled",
                "http_put_response_hop_limit": 1,
                "http_tokens": "optional",
                "instance_metadata_tags": "disabled"
              }
            ],
            "monitoring": false,
            "network_interface": [],
            "outpost_arn": "",
            "password_data": "",
            "placement_group": "",
            "placement_partition_number": null,
            "primary_network_interface_id": "eni-09485368f230040f2",
            "private_dns": "ip-10-0-3-152.ec2.internal",
            "private_dns_name_options": [
              {
                "enable_resource_name_dns_a_record": false,
                "enable_resource_name_dns_aaaa_record": false,
                "hostname_type": "ip-name"
              }
            ],
            "private_ip": "10.0.3.152",
            "public_dns": "",
            "public_ip": "",
            "root_block_device": [
              {
                "delete_on_termination": true,
                "device_name": "/dev/xvda",
                "encrypted": false,
                "iops": 100,
                "kms_key_id": "",
                "tags": {},
                "throughput": 0,
                "volume_id": "vol-0002ebcb1e13b6d98",
                "volume_size": 8,
                "volume_type": "gp2"
              }
            ],
            "secondary_private_ips": [],
            "security_groups": [
              "sg-071cc64a224127700"
            ],
            "source_dest_check": true,
            "subnet_id": "subnet-02c8c140072ef3499",
            "tags": {
              "Name": "web-server-az1"
            },
            "tags_all": {
              "Name": "web-server-az1"
            },
            "tenancy": "default",
            "timeouts": null,
            "user_data": "f17774f7f8a8940d491b3952cefb6a6bcd01bad0",
            "user_data_base64": null,
            "user_data_replace_on_change": false,
            "volume_tags": null,
            "vpc_security_group_ids": [
              "sg-071cc64a224127700"
            ]
          },
          "sensitive_attributes": [],
          "private": "eyJlMmJmYjczMC1lY2FhLTExZTYtOGY4OC0zNDM2M2JjN2M0YzAiOnsiY3JlYXRlIjo2MDAwMDAwMDAwMDAsImRlbGV0ZSI6MTIwMDAwMDAwMDAwMCwidXBkYXRlIjo2MDAwMDAwMDAwMDB9LCJzY2hlbWFfdmVyc2lvbiI6IjEifQ==",
          "dependencies": [
            "module.VPC.aws_subnet.private_app_subnet_az1",
            "module.security_groups.aws_security_group.private_subnet_security_group"
          ]
        }
      ]
    },
    {
      "module": "module.EC2",
      "mode": "managed",
      "type": "aws_instance",
      "name": "instance_az2",
      "provider": "provider[\"registry.terraform.io/hashicorp/aws\"]",
      "instances": [
        {
          "index_key": 0,
          "schema_version": 1,
          "attributes": {
            "ami": "ami-0aa7d40eeae50c9a9",
            "arn": "arn:aws:ec2:us-east-1:505724956953:instance/i-0cdbb97bb10945718",
            "associate_public_ip_address": false,
            "availability_zone": "us-east-1b",
            "capacity_reservation_specification": [
              {
                "capacity_reservation_preference": "open",
                "capacity_reservation_target": []
              }
            ],
            "cpu_core_count": 1,
            "cpu_threads_per_core": 1,
            "credit_specification": [
              {
                "cpu_credits": "standard"
              }
            ],
            "disable_api_stop": false,
            "disable_api_termination": false,
            "ebs_block_device": [],
            "ebs_optimized": false,
            "enclave_options": [
              {
                "enabled": false
              }
            ],
            "ephemeral_block_device": [],
            "get_password_data": false,
            "hibernation": false,
            "host_id": null,
            "host_resource_group_arn": null,
            "iam_instance_profile": "",
            "id": "i-0cdbb97bb10945718",
            "instance_initiated_shutdown_behavior": "stop",
            "instance_state": "running",
            "instance_type": "t2.micro",
            "ipv6_address_count": 0,
            "ipv6_addresses": [],
            "key_name": "GXI-key",
            "launch_template": [],
            "maintenance_options": [
              {
                "auto_recovery": "default"
              }
            ],
            "metadata_options": [
              {
                "http_endpoint": "enabled",
                "http_put_response_hop_limit": 1,
                "http_tokens": "optional",
                "instance_metadata_tags": "disabled"
              }
            ],
            "monitoring": false,
            "network_interface": [],
            "outpost_arn": "",
            "password_data": "",
            "placement_group": "",
            "placement_partition_number": null,
            "primary_network_interface_id": "eni-03fd5c1839112f005",
            "private_dns": "ip-10-0-4-68.ec2.internal",
            "private_dns_name_options": [
              {
                "enable_resource_name_dns_a_record": false,
                "enable_resource_name_dns_aaaa_record": false,
                "hostname_type": "ip-name"
              }
            ],
            "private_ip": "10.0.4.68",
            "public_dns": "",
            "public_ip": "",
            "root_block_device": [
              {
                "delete_on_termination": true,
                "device_name": "/dev/xvda",
                "encrypted": false,
                "iops": 100,
                "kms_key_id": "",
                "tags": {},
                "throughput": 0,
                "volume_id": "vol-00cb522f11f57aeaf",
                "volume_size": 8,
                "volume_type": "gp2"
              }
            ],
            "secondary_private_ips": [],
            "security_groups": [
              "sg-071cc64a224127700"
            ],
            "source_dest_check": true,
            "subnet_id": "subnet-0ae7885f2727831d4",
            "tags": {
              "Name": "web-server-az2"
            },
            "tags_all": {
              "Name": "web-server-az2"
            },
            "tenancy": "default",
            "timeouts": null,
            "user_data": "431a45de63a35671662eb6b3a352d7980bdf8506",
            "user_data_base64": null,
            "user_data_replace_on_change": false,
            "volume_tags": null,
            "vpc_security_group_ids": [
              "sg-071cc64a224127700"
            ]
          },
          "sensitive_attributes": [],
          "private": "eyJlMmJmYjczMC1lY2FhLTExZTYtOGY4OC0zNDM2M2JjN2M0YzAiOnsiY3JlYXRlIjo2MDAwMDAwMDAwMDAsImRlbGV0ZSI6MTIwMDAwMDAwMDAwMCwidXBkYXRlIjo2MDAwMDAwMDAwMDB9LCJzY2hlbWFfdmVyc2lvbiI6IjEifQ==",
          "dependencies": [
            "module.VPC.aws_subnet.private_app_subnet_az2",
            "module.security_groups.aws_security_group.private_subnet_security_group"
          ]
        }
      ]
    },
    {
      "module": "module.EC2",
      "mode": "managed",
      "type": "aws_instance",
      "name": "instance_az3",
      "provider": "provider[\"registry.terraform.io/hashicorp/aws\"]",
      "instances": [
        {
          "index_key": 0,
          "schema_version": 1,
          "attributes": {
            "ami": "ami-0aa7d40eeae50c9a9",
            "arn": "arn:aws:ec2:us-east-1:505724956953:instance/i-0aa6727c7bc4496ff",
            "associate_public_ip_address": false,
            "availability_zone": "us-east-1c",
            "capacity_reservation_specification": [
              {
                "capacity_reservation_preference": "open",
                "capacity_reservation_target": []
              }
            ],
            "cpu_core_count": 1,
            "cpu_threads_per_core": 1,
            "credit_specification": [
              {
                "cpu_credits": "standard"
              }
            ],
            "disable_api_stop": false,
            "disable_api_termination": false,
            "ebs_block_device": [],
            "ebs_optimized": false,
            "enclave_options": [
              {
                "enabled": false
              }
            ],
            "ephemeral_block_device": [],
            "get_password_data": false,
            "hibernation": false,
            "host_id": null,
            "host_resource_group_arn": null,
            "iam_instance_profile": "",
            "id": "i-0aa6727c7bc4496ff",
            "instance_initiated_shutdown_behavior": "stop",
            "instance_state": "running",
            "instance_type": "t2.micro",
            "ipv6_address_count": 0,
            "ipv6_addresses": [],
            "key_name": "GXI-key",
            "launch_template": [],
            "maintenance_options": [
              {
                "auto_recovery": "default"
              }
            ],
            "metadata_options": [
              {
                "http_endpoint": "enabled",
                "http_put_response_hop_limit": 1,
                "http_tokens": "optional",
                "instance_metadata_tags": "disabled"
              }
            ],
            "monitoring": false,
            "network_interface": [],
            "outpost_arn": "",
            "password_data": "",
            "placement_group": "",
            "placement_partition_number": null,
            "primary_network_interface_id": "eni-01e11443e4b16d36f",
            "private_dns": "ip-10-0-5-108.ec2.internal",
            "private_dns_name_options": [
              {
                "enable_resource_name_dns_a_record": false,
                "enable_resource_name_dns_aaaa_record": false,
                "hostname_type": "ip-name"
              }
            ],
            "private_ip": "10.0.5.108",
            "public_dns": "",
            "public_ip": "",
            "root_block_device": [
              {
                "delete_on_termination": true,
                "device_name": "/dev/xvda",
                "encrypted": false,
                "iops": 100,
                "kms_key_id": "",
                "tags": {},
                "throughput": 0,
                "volume_id": "vol-0b97c8b477ae126bc",
                "volume_size": 8,
                "volume_type": "gp2"
              }
            ],
            "secondary_private_ips": [],
            "security_groups": [
              "sg-071cc64a224127700"
            ],
            "source_dest_check": true,
            "subnet_id": "subnet-06c650ce978d128a8",
            "tags": {
              "Name": "web-server-az3"
            },
            "tags_all": {
              "Name": "web-server-az3"
            },
            "tenancy": "default",
            "timeouts": null,
            "user_data": "cdfcc9416e6d4ab71977256eb8fbc80fecc7b8e9",
            "user_data_base64": null,
            "user_data_replace_on_change": false,
            "volume_tags": null,
            "vpc_security_group_ids": [
              "sg-071cc64a224127700"
            ]
          },
          "sensitive_attributes": [],
          "private": "eyJlMmJmYjczMC1lY2FhLTExZTYtOGY4OC0zNDM2M2JjN2M0YzAiOnsiY3JlYXRlIjo2MDAwMDAwMDAwMDAsImRlbGV0ZSI6MTIwMDAwMDAwMDAwMCwidXBkYXRlIjo2MDAwMDAwMDAwMDB9LCJzY2hlbWFfdmVyc2lvbiI6IjEifQ==",
          "dependencies": [
            "module.VPC.aws_subnet.private_app_subnet_az3",
            "module.security_groups.aws_security_group.private_subnet_security_group"
          ]
        }
      ]
    },
    {
      "module": "module.Key",
      "mode": "managed",
      "type": "aws_key_pair",
      "name": "App-Instance-Key",
      "provider": "provider[\"registry.terraform.io/hashicorp/aws\"]",
      "instances": [
        {
          "schema_version": 1,
          "attributes": {
            "arn": "arn:aws:ec2:us-east-1:505724956953:key-pair/GXI-key",
            "fingerprint": "aa:cc:20:7b:f5:10:32:bc:38:29:b5:87:8b:9c:1e:a1",
            "id": "GXI-key",
            "key_name": "GXI-key",
            "key_name_prefix": "",
            "key_pair_id": "key-02762dfc4ff91d893",
            "key_type": "rsa",
            "public_key": "ssh-rsa AAAAB3NzaC1yc2EAAAADAQABAAABAQDNQdFPXXbxr2h+Z4HW+tgbI0ZQguwhvaAbK0RMjfTK9Ih1BrL4bg2DYLbwaYAGHxgihaIKj9f5/hThL8z+fRPWqcHOCbocUBp5ZzkNOc1H4NpW5h+wXsc1g760runSL218CoAb860MHcWsJTHiwmvqIXNk4nQ7tZdopOHFcPw18O5wZlCeCFOa4Pzv7yVKeV/UxO3tEEREGgfVpHhqa7FhSINpBNFbJzAQB81+vDlF9EsMwbG9Xnd/OTjRh4Jh3OmbJuV2mI1ba0MDkSwHydhbsiYmXFpUsBCSR9xKHkGSDMyZzYo1D3YZRctM3p59diOJvUD/r7H0XrEJh2jVQxLZ",
            "tags": {},
            "tags_all": {}
          },
          "sensitive_attributes": [],
          "private": "eyJzY2hlbWFfdmVyc2lvbiI6IjEifQ==",
          "dependencies": [
            "module.Key.tls_private_key.web-key"
          ]
        }
      ]
    },
    {
      "module": "module.Key",
      "mode": "managed",
      "type": "local_file",
      "name": "Web-Key",
      "provider": "provider[\"registry.terraform.io/hashicorp/local\"]",
      "instances": [
        {
          "schema_version": 0,
          "attributes": {
            "content": "-----BEGIN RSA PRIVATE KEY-----\nMIIEoQIBAAKCAQEAzUHRT1128a9ofmeB1vrYGyNGUILsIb2gGytETI30yvSIdQay\n+G4Ng2C28GmABh8YIoWiCo/X+f4U4S/M/n0T1qnBzgm6HFAaeWc5DTnNR+DaVuYf\nsF7HNYO+tK7p0i9tfAqAG/OtDB3FrCUx4sJr6iFzZOJ0O7WXaKThxXD8NfDucGZQ\nnghTmuD87+8lSnlf1MTt7RBERBoH1aR4amuxYUiDaQTRWycwEAfNfrw5RfRLDMGx\nvV53fzk40YeCYdzpmybldpiNW2tDA5EsB8nYW7ImJlxaVLAQkkfcSh5BkgzMmc2K\nNQ92GUXLTN6efXYjib1A/6+x9F6xCYdo1UMS2QIDAQABAoIBAHXQToUAf9JPvWm4\nncU4rCw/fg+eZk0jm6+ckRJj9Ns9qsmJM9b2zFjZfYfW9n4NAPxnuc/YKr66gV+T\n4VU9k9KGE9Dgsmun6to+Tnfx8otMW+a/JfdFH5Du8tqg/2L+iBhHqqrgnjYzLJAX\ntV+T+v8jfims9cyD+ck9wr1ikdGfVtlOeZBII+IHTxZDTifodeBooNw+eGgNFJ/3\nZ4uFqOGhzgORxvMqlHGD3+63yeaXg7aXfOgeP1pRZo1hiVGnQZmKYJANxtOR8e5r\nQGorjqU5CUiQ2Wfw0S3YPdxFnDm6vQN6avXM+cd9+Ye5AW7AmXKasZcg98PmYTkt\nF/M/SWUCgYEA3PQyg/VHSC6uinsmjjMJLHh2cDqbGJCCsalPsD88KL2Q3ismc17n\nfkDxdSEeQIKVosmqE5f+uS/3pNn4tW9T0dIZrD3DuvW317akxa2VX0F5kiGkv2yx\nZlzhLhTNMztZMgsdYx1yzDa3BJ60FMdQTMbC7VYuch+UoY0hf0L66msCgYEA7dBB\nCXJtplOnxaDYl/7HKzHnwtrTRZX6Nwf7sEFBGkYY3syrIB/UsEbtxmKWQchqo7qb\noEyXuMCkpwKWvN1oVG/P6aSkBVqfh76l1d0DLP3wlj1dXz6SbjGbjA/ZeW74Uehr\n7psLtfKlvolKad0dkaasTthXxxqNAhNQMEcNkMsCgYEAp1FUn5Cx9ftDuSIgxDXp\nkH94UOxQXn2wOpEYA0Mfb0p91X+fkmYfrv/G2QfHPNqmLavA2y2SevHT+kYFjH9N\nXepX/pKXEZDZMsTgacFVB9kxEnPfqgXJINbcvmSKL22V0cuQ6Wl3cSVN2nXDsKhu\nKnWpTsigS1OW3e9dml1CXRkCgYAS+mGWTWluspJa9SET0CM40Ty7khb2IKfdKGfv\nguWdISbu8MpfP+sLPj3PbSKskT/hXQz6V+JrvgPlyBEbdVfUFTA0Zw0n2DmO7any\nTTbpqkI+2xrOdQHehVrybHlgdXifoLqsSfc/R+PuNqqXlCu96d0qVZ17qCTEm6H0\nmFb+zQJ/cb7S4knMH/MZhXpgEPOQthf3MlqjEXa5/F91IwHQQr52CVLBDiM1+c8i\nTWBhJguajVa3xkj1M0fz8rgyXRG03wHY5W6lXUHhMbJPH5SiJHakgBTpIaNKizdp\nG3y0lrD3AE4AkUp/+UGLiG4b5wbKqsznOa3ec3n3igDo6lGpvw==\n-----END RSA PRIVATE KEY-----\n",
            "content_base64": null,
            "directory_permission": "0777",
            "file_permission": "0777",
            "filename": "GXI-key.pem",
            "id": "1000f46a679fb65cab4db00a376558ec8c466d1f",
            "sensitive_content": null,
            "source": null
          },
          "sensitive_attributes": [
            [
              {
                "type": "get_attr",
                "value": "content"
              }
            ]
          ],
          "dependencies": [
            "module.Key.tls_private_key.web-key"
          ]
        }
      ]
    },
    {
      "module": "module.Key",
      "mode": "managed",
      "type": "tls_private_key",
      "name": "web-key",
      "provider": "provider[\"registry.terraform.io/hashicorp/tls\"]",
      "instances": [
        {
          "schema_version": 1,
          "attributes": {
            "algorithm": "RSA",
            "ecdsa_curve": "P224",
            "id": "695482c6fc6367efe8ec0020068a6e7e3187237b",
            "private_key_openssh": "-----BEGIN OPENSSH PRIVATE KEY-----\nb3BlbnNzaC1rZXktdjEAAAAABG5vbmUAAAAEbm9uZQAAAAAAAAABAAABFwAAAAdz\nc2gtcnNhAAAAAwEAAQAAAQEAzUHRT1128a9ofmeB1vrYGyNGUILsIb2gGytETI30\nyvSIdQay+G4Ng2C28GmABh8YIoWiCo/X+f4U4S/M/n0T1qnBzgm6HFAaeWc5DTnN\nR+DaVuYfsF7HNYO+tK7p0i9tfAqAG/OtDB3FrCUx4sJr6iFzZOJ0O7WXaKThxXD8\nNfDucGZQnghTmuD87+8lSnlf1MTt7RBERBoH1aR4amuxYUiDaQTRWycwEAfNfrw5\nRfRLDMGxvV53fzk40YeCYdzpmybldpiNW2tDA5EsB8nYW7ImJlxaVLAQkkfcSh5B\nkgzMmc2KNQ92GUXLTN6efXYjib1A/6+x9F6xCYdo1UMS2QAAA7j7geNG+4HjRgAA\nAAdzc2gtcnNhAAABAQDNQdFPXXbxr2h+Z4HW+tgbI0ZQguwhvaAbK0RMjfTK9Ih1\nBrL4bg2DYLbwaYAGHxgihaIKj9f5/hThL8z+fRPWqcHOCbocUBp5ZzkNOc1H4NpW\n5h+wXsc1g760runSL218CoAb860MHcWsJTHiwmvqIXNk4nQ7tZdopOHFcPw18O5w\nZlCeCFOa4Pzv7yVKeV/UxO3tEEREGgfVpHhqa7FhSINpBNFbJzAQB81+vDlF9EsM\nwbG9Xnd/OTjRh4Jh3OmbJuV2mI1ba0MDkSwHydhbsiYmXFpUsBCSR9xKHkGSDMyZ\nzYo1D3YZRctM3p59diOJvUD/r7H0XrEJh2jVQxLZAAAAAwEAAQAAAQB10E6FAH/S\nT71puJ3FOKwsP34PnmZNI5uvnJESY/TbParJiTPW9sxY2X2H1vZ+DQD8Z7nP2Cq+\nuoFfk+FVPZPShhPQ4LJrp+raPk538fKLTFvmvyX3RR+Q7vLaoP9i/ogYR6qq4J42\nMyyQF7Vfk/r/I34prPXMg/nJPcK9YpHRn1bZTnmQSCPiB08WQ04n6HXgaKDcPnho\nDRSf92eLhajhoc4DkcbzKpRxg9/ut8nml4O2l3zoHj9aUWaNYYlRp0GZimCQDcbT\nkfHua0BqK46lOQlIkNln8NEt2D3cRZw5ur0Demr1zPnHffmHuQFuwJlymrGXIPfD\n5mE5LRfzP0llAAAAf3G+0uJJzB/zGYV6YBDzkLYX9zJaoxF2ufxfdSMB0EK+dglS\nwQ4jNfnPIk1gYSYLmo1Wt8ZI9TNH8/K4Ml0RtN8B2OVupV1B4TGyTx+UoiR2pIAU\n6SGjSos3aRt8tJaw9wBOAJFKf/lBi4huG+cGyqrM5zmt3nN594oA6OpRqb8AAACB\nANz0MoP1R0gurop7Jo4zCSx4dnA6mxiQgrGpT7A/PCi9kN4rJnNe535A8XUhHkCC\nlaLJqhOX/rkv96TZ+LVvU9HSGaw9w7r1t9e2pMWtlV9BeZIhpL9ssWZc4S4UzTM7\nWTILHWMdcsw2twSetBTHUEzGwu1WLnIflKGNIX9C+uprAAAAgQDt0EEJcm2mU6fF\noNiX/scrMefC2tNFlfo3B/uwQUEaRhjezKsgH9SwRu3GYpZByGqjupugTJe4wKSn\nApa83WhUb8/ppKQFWp+HvqXV3QMs/fCWPV1fPpJuMZuMD9l5bvhR6Gvumwu18qW+\niUpp3R2RpqxO2FfHGo0CE1AwRw2QywAAAAABAgME\n-----END OPENSSH PRIVATE KEY-----\n",
            "private_key_pem": "-----BEGIN RSA PRIVATE KEY-----\nMIIEoQIBAAKCAQEAzUHRT1128a9ofmeB1vrYGyNGUILsIb2gGytETI30yvSIdQay\n+G4Ng2C28GmABh8YIoWiCo/X+f4U4S/M/n0T1qnBzgm6HFAaeWc5DTnNR+DaVuYf\nsF7HNYO+tK7p0i9tfAqAG/OtDB3FrCUx4sJr6iFzZOJ0O7WXaKThxXD8NfDucGZQ\nnghTmuD87+8lSnlf1MTt7RBERBoH1aR4amuxYUiDaQTRWycwEAfNfrw5RfRLDMGx\nvV53fzk40YeCYdzpmybldpiNW2tDA5EsB8nYW7ImJlxaVLAQkkfcSh5BkgzMmc2K\nNQ92GUXLTN6efXYjib1A/6+x9F6xCYdo1UMS2QIDAQABAoIBAHXQToUAf9JPvWm4\nncU4rCw/fg+eZk0jm6+ckRJj9Ns9qsmJM9b2zFjZfYfW9n4NAPxnuc/YKr66gV+T\n4VU9k9KGE9Dgsmun6to+Tnfx8otMW+a/JfdFH5Du8tqg/2L+iBhHqqrgnjYzLJAX\ntV+T+v8jfims9cyD+ck9wr1ikdGfVtlOeZBII+IHTxZDTifodeBooNw+eGgNFJ/3\nZ4uFqOGhzgORxvMqlHGD3+63yeaXg7aXfOgeP1pRZo1hiVGnQZmKYJANxtOR8e5r\nQGorjqU5CUiQ2Wfw0S3YPdxFnDm6vQN6avXM+cd9+Ye5AW7AmXKasZcg98PmYTkt\nF/M/SWUCgYEA3PQyg/VHSC6uinsmjjMJLHh2cDqbGJCCsalPsD88KL2Q3ismc17n\nfkDxdSEeQIKVosmqE5f+uS/3pNn4tW9T0dIZrD3DuvW317akxa2VX0F5kiGkv2yx\nZlzhLhTNMztZMgsdYx1yzDa3BJ60FMdQTMbC7VYuch+UoY0hf0L66msCgYEA7dBB\nCXJtplOnxaDYl/7HKzHnwtrTRZX6Nwf7sEFBGkYY3syrIB/UsEbtxmKWQchqo7qb\noEyXuMCkpwKWvN1oVG/P6aSkBVqfh76l1d0DLP3wlj1dXz6SbjGbjA/ZeW74Uehr\n7psLtfKlvolKad0dkaasTthXxxqNAhNQMEcNkMsCgYEAp1FUn5Cx9ftDuSIgxDXp\nkH94UOxQXn2wOpEYA0Mfb0p91X+fkmYfrv/G2QfHPNqmLavA2y2SevHT+kYFjH9N\nXepX/pKXEZDZMsTgacFVB9kxEnPfqgXJINbcvmSKL22V0cuQ6Wl3cSVN2nXDsKhu\nKnWpTsigS1OW3e9dml1CXRkCgYAS+mGWTWluspJa9SET0CM40Ty7khb2IKfdKGfv\nguWdISbu8MpfP+sLPj3PbSKskT/hXQz6V+JrvgPlyBEbdVfUFTA0Zw0n2DmO7any\nTTbpqkI+2xrOdQHehVrybHlgdXifoLqsSfc/R+PuNqqXlCu96d0qVZ17qCTEm6H0\nmFb+zQJ/cb7S4knMH/MZhXpgEPOQthf3MlqjEXa5/F91IwHQQr52CVLBDiM1+c8i\nTWBhJguajVa3xkj1M0fz8rgyXRG03wHY5W6lXUHhMbJPH5SiJHakgBTpIaNKizdp\nG3y0lrD3AE4AkUp/+UGLiG4b5wbKqsznOa3ec3n3igDo6lGpvw==\n-----END RSA PRIVATE KEY-----\n",
            "private_key_pem_pkcs8": "-----BEGIN PRIVATE KEY-----\nMIIEuwIBADANBgkqhkiG9w0BAQEFAASCBKUwggShAgEAAoIBAQDNQdFPXXbxr2h+\nZ4HW+tgbI0ZQguwhvaAbK0RMjfTK9Ih1BrL4bg2DYLbwaYAGHxgihaIKj9f5/hTh\nL8z+fRPWqcHOCbocUBp5ZzkNOc1H4NpW5h+wXsc1g760runSL218CoAb860MHcWs\nJTHiwmvqIXNk4nQ7tZdopOHFcPw18O5wZlCeCFOa4Pzv7yVKeV/UxO3tEEREGgfV\npHhqa7FhSINpBNFbJzAQB81+vDlF9EsMwbG9Xnd/OTjRh4Jh3OmbJuV2mI1ba0MD\nkSwHydhbsiYmXFpUsBCSR9xKHkGSDMyZzYo1D3YZRctM3p59diOJvUD/r7H0XrEJ\nh2jVQxLZAgMBAAECggEAddBOhQB/0k+9abidxTisLD9+D55mTSObr5yREmP02z2q\nyYkz1vbMWNl9h9b2fg0A/Ge5z9gqvrqBX5PhVT2T0oYT0OCya6fq2j5Od/Hyi0xb\n5r8l90UfkO7y2qD/Yv6IGEeqquCeNjMskBe1X5P6/yN+Kaz1zIP5yT3CvWKR0Z9W\n2U55kEgj4gdPFkNOJ+h14Gig3D54aA0Un/dni4Wo4aHOA5HG8yqUcYPf7rfJ5peD\ntpd86B4/WlFmjWGJUadBmYpgkA3G05Hx7mtAaiuOpTkJSJDZZ/DRLdg93EWcObq9\nA3pq9cz5x335h7kBbsCZcpqxlyD3w+ZhOS0X8z9JZQKBgQDc9DKD9UdILq6KeyaO\nMwkseHZwOpsYkIKxqU+wPzwovZDeKyZzXud+QPF1IR5AgpWiyaoTl/65L/ek2fi1\nb1PR0hmsPcO69bfXtqTFrZVfQXmSIaS/bLFmXOEuFM0zO1kyCx1jHXLMNrcEnrQU\nx1BMxsLtVi5yH5ShjSF/QvrqawKBgQDt0EEJcm2mU6fFoNiX/scrMefC2tNFlfo3\nB/uwQUEaRhjezKsgH9SwRu3GYpZByGqjupugTJe4wKSnApa83WhUb8/ppKQFWp+H\nvqXV3QMs/fCWPV1fPpJuMZuMD9l5bvhR6Gvumwu18qW+iUpp3R2RpqxO2FfHGo0C\nE1AwRw2QywKBgQCnUVSfkLH1+0O5IiDENemQf3hQ7FBefbA6kRgDQx9vSn3Vf5+S\nZh+u/8bZB8c82qYtq8DbLZJ68dP6RgWMf01d6lf+kpcRkNkyxOBpwVUH2TESc9+q\nBckg1ty+ZIovbZXRy5DpaXdxJU3adcOwqG4qdalOyKBLU5bd712aXUJdGQKBgBL6\nYZZNaW6yklr1IRPQIzjRPLuSFvYgp90oZ++C5Z0hJu7wyl8/6ws+Pc9tIqyRP+Fd\nDPpX4mu+A+XIERt1V9QVMDRnDSfYOY7tqfJNNumqQj7bGs51Ad6FWvJseWB1eJ+g\nuqxJ9z9H4+42qpeUK73p3SpVnXuoJMSbofSYVv7NAn9xvtLiScwf8xmFemAQ85C2\nF/cyWqMRdrn8X3UjAdBCvnYJUsEOIzX5zyJNYGEmC5qNVrfGSPUzR/PyuDJdEbTf\nAdjlbqVdQeExsk8flKIkdqSAFOkho0qLN2kbfLSWsPcATgCRSn/5QYuIbhvnBsqq\nzOc5rd5zefeKAOjqUam/\n-----END PRIVATE KEY-----\n",
            "public_key_fingerprint_md5": "c4:0e:05:52:59:ab:fc:f0:b7:4f:7c:bb:f3:10:15:ae",
            "public_key_fingerprint_sha256": "SHA256:VnnpuEP/6B8TfZC2ui5GDrwf9nw9+3OzRtrv2VtSdYA",
            "public_key_openssh": "ssh-rsa AAAAB3NzaC1yc2EAAAADAQABAAABAQDNQdFPXXbxr2h+Z4HW+tgbI0ZQguwhvaAbK0RMjfTK9Ih1BrL4bg2DYLbwaYAGHxgihaIKj9f5/hThL8z+fRPWqcHOCbocUBp5ZzkNOc1H4NpW5h+wXsc1g760runSL218CoAb860MHcWsJTHiwmvqIXNk4nQ7tZdopOHFcPw18O5wZlCeCFOa4Pzv7yVKeV/UxO3tEEREGgfVpHhqa7FhSINpBNFbJzAQB81+vDlF9EsMwbG9Xnd/OTjRh4Jh3OmbJuV2mI1ba0MDkSwHydhbsiYmXFpUsBCSR9xKHkGSDMyZzYo1D3YZRctM3p59diOJvUD/r7H0XrEJh2jVQxLZ\n",
            "public_key_pem": "-----BEGIN PUBLIC KEY-----\nMIIBIjANBgkqhkiG9w0BAQEFAAOCAQ8AMIIBCgKCAQEAzUHRT1128a9ofmeB1vrY\nGyNGUILsIb2gGytETI30yvSIdQay+G4Ng2C28GmABh8YIoWiCo/X+f4U4S/M/n0T\n1qnBzgm6HFAaeWc5DTnNR+DaVuYfsF7HNYO+tK7p0i9tfAqAG/OtDB3FrCUx4sJr\n6iFzZOJ0O7WXaKThxXD8NfDucGZQnghTmuD87+8lSnlf1MTt7RBERBoH1aR4amux\nYUiDaQTRWycwEAfNfrw5RfRLDMGxvV53fzk40YeCYdzpmybldpiNW2tDA5EsB8nY\nW7ImJlxaVLAQkkfcSh5BkgzMmc2KNQ92GUXLTN6efXYjib1A/6+x9F6xCYdo1UMS\n2QIDAQAB\n-----END PUBLIC KEY-----\n",
            "rsa_bits": 2048
          },
          "sensitive_attributes": []
        }
      ]
    },
    {
      "module": "module.VPC",
      "mode": "data",
      "type": "aws_availability_zones",
      "name": "available_zones",
      "provider": "provider[\"registry.terraform.io/hashicorp/aws\"]",
      "instances": [
        {
          "schema_version": 0,
          "attributes": {
            "all_availability_zones": null,
            "exclude_names": null,
            "exclude_zone_ids": null,
            "filter": null,
            "group_names": [
              "us-east-1"
            ],
            "id": "us-east-1",
            "names": [
              "us-east-1a",
              "us-east-1b",
              "us-east-1c",
              "us-east-1d",
              "us-east-1e",
              "us-east-1f"
            ],
            "state": null,
            "timeouts": null,
            "zone_ids": [
              "use1-az6",
              "use1-az1",
              "use1-az2",
              "use1-az4",
              "use1-az3",
              "use1-az5"
            ]
          },
          "sensitive_attributes": []
        }
      ]
    },
    {
      "module": "module.VPC",
      "mode": "managed",
      "type": "aws_internet_gateway",
      "name": "igw",
      "provider": "provider[\"registry.terraform.io/hashicorp/aws\"]",
      "instances": [
        {
          "schema_version": 0,
          "attributes": {
            "arn": "arn:aws:ec2:us-east-1:505724956953:internet-gateway/igw-07faef103b878eb33",
            "id": "igw-07faef103b878eb33",
            "owner_id": "505724956953",
            "tags": {
              "Name": "GXI-igw"
            },
            "tags_all": {
              "Name": "GXI-igw"
            },
            "timeouts": null,
            "vpc_id": "vpc-0cdffd6a2ae4573b1"
          },
          "sensitive_attributes": [],
          "private": "eyJlMmJmYjczMC1lY2FhLTExZTYtOGY4OC0zNDM2M2JjN2M0YzAiOnsiY3JlYXRlIjoxMjAwMDAwMDAwMDAwLCJkZWxldGUiOjEyMDAwMDAwMDAwMDAsInVwZGF0ZSI6MTIwMDAwMDAwMDAwMH19",
          "dependencies": [
            "module.VPC.aws_vpc.gxi_vpc"
          ]
        }
      ]
    },
    {
      "module": "module.VPC",
      "mode": "managed",
      "type": "aws_route_table",
      "name": "public_route_table",
      "provider": "provider[\"registry.terraform.io/hashicorp/aws\"]",
      "instances": [
        {
          "schema_version": 0,
          "attributes": {
            "arn": "arn:aws:ec2:us-east-1:505724956953:route-table/rtb-0c4701801a0a2bb4d",
            "id": "rtb-0c4701801a0a2bb4d",
            "owner_id": "505724956953",
            "propagating_vgws": [],
            "route": [
              {
                "carrier_gateway_id": "",
                "cidr_block": "0.0.0.0/0",
                "core_network_arn": "",
                "destination_prefix_list_id": "",
                "egress_only_gateway_id": "",
                "gateway_id": "igw-07faef103b878eb33",
                "instance_id": "",
                "ipv6_cidr_block": "",
                "local_gateway_id": "",
                "nat_gateway_id": "",
                "network_interface_id": "",
                "transit_gateway_id": "",
                "vpc_endpoint_id": "",
                "vpc_peering_connection_id": ""
              }
            ],
            "tags": {
              "Name": "public_route_table"
            },
            "tags_all": {
              "Name": "public_route_table"
            },
            "timeouts": null,
            "vpc_id": "vpc-0cdffd6a2ae4573b1"
          },
          "sensitive_attributes": [],
          "private": "eyJlMmJmYjczMC1lY2FhLTExZTYtOGY4OC0zNDM2M2JjN2M0YzAiOnsiY3JlYXRlIjozMDAwMDAwMDAwMDAsImRlbGV0ZSI6MzAwMDAwMDAwMDAwLCJ1cGRhdGUiOjEyMDAwMDAwMDAwMH19",
          "dependencies": [
            "module.VPC.aws_internet_gateway.igw",
            "module.VPC.aws_vpc.gxi_vpc"
          ]
        }
      ]
    },
    {
      "module": "module.VPC",
      "mode": "managed",
      "type": "aws_route_table_association",
      "name": "public_subnet_az1_route_table_association",
      "provider": "provider[\"registry.terraform.io/hashicorp/aws\"]",
      "instances": [
        {
          "schema_version": 0,
          "attributes": {
            "gateway_id": "",
            "id": "rtbassoc-0727800310dd74f7a",
            "route_table_id": "rtb-0c4701801a0a2bb4d",
            "subnet_id": "subnet-00f479f38f463f85f"
          },
          "sensitive_attributes": [],
          "private": "bnVsbA==",
          "dependencies": [
            "module.VPC.aws_internet_gateway.igw",
            "module.VPC.aws_route_table.public_route_table",
            "module.VPC.aws_subnet.public_subnet_az1",
            "module.VPC.aws_vpc.gxi_vpc",
            "module.VPC.data.aws_availability_zones.available_zones"
          ]
        }
      ]
    },
    {
      "module": "module.VPC",
      "mode": "managed",
      "type": "aws_route_table_association",
      "name": "public_subnet_az2_route_table_association",
      "provider": "provider[\"registry.terraform.io/hashicorp/aws\"]",
      "instances": [
        {
          "schema_version": 0,
          "attributes": {
            "gateway_id": "",
            "id": "rtbassoc-0bfc41cba9933e639",
            "route_table_id": "rtb-0c4701801a0a2bb4d",
            "subnet_id": "subnet-083427f02aa8a49c7"
          },
          "sensitive_attributes": [],
          "private": "bnVsbA==",
          "dependencies": [
            "module.VPC.aws_internet_gateway.igw",
            "module.VPC.aws_route_table.public_route_table",
            "module.VPC.aws_subnet.public_subnet_az2",
            "module.VPC.aws_vpc.gxi_vpc",
            "module.VPC.data.aws_availability_zones.available_zones"
          ]
        }
      ]
    },
    {
      "module": "module.VPC",
      "mode": "managed",
      "type": "aws_route_table_association",
      "name": "public_subnet_az3_route_table_association",
      "provider": "provider[\"registry.terraform.io/hashicorp/aws\"]",
      "instances": [
        {
          "schema_version": 0,
          "attributes": {
            "gateway_id": "",
            "id": "rtbassoc-0f87e7a60a276e583",
            "route_table_id": "rtb-0c4701801a0a2bb4d",
            "subnet_id": "subnet-040702419b6f41a03"
          },
          "sensitive_attributes": [],
          "private": "bnVsbA==",
          "dependencies": [
            "module.VPC.aws_internet_gateway.igw",
            "module.VPC.aws_route_table.public_route_table",
            "module.VPC.aws_subnet.public_subnet_az3",
            "module.VPC.aws_vpc.gxi_vpc",
            "module.VPC.data.aws_availability_zones.available_zones"
          ]
        }
      ]
    },
    {
      "module": "module.VPC",
      "mode": "managed",
      "type": "aws_subnet",
      "name": "private_app_subnet_az1",
      "provider": "provider[\"registry.terraform.io/hashicorp/aws\"]",
      "instances": [
        {
          "schema_version": 1,
          "attributes": {
            "arn": "arn:aws:ec2:us-east-1:505724956953:subnet/subnet-02c8c140072ef3499",
            "assign_ipv6_address_on_creation": false,
            "availability_zone": "us-east-1a",
            "availability_zone_id": "use1-az6",
            "cidr_block": "10.0.3.0/24",
            "customer_owned_ipv4_pool": "",
            "enable_dns64": false,
            "enable_resource_name_dns_a_record_on_launch": false,
            "enable_resource_name_dns_aaaa_record_on_launch": false,
            "id": "subnet-02c8c140072ef3499",
            "ipv6_cidr_block": "",
            "ipv6_cidr_block_association_id": "",
            "ipv6_native": false,
            "map_customer_owned_ip_on_launch": false,
            "map_public_ip_on_launch": false,
            "outpost_arn": "",
            "owner_id": "505724956953",
            "private_dns_hostname_type_on_launch": "ip-name",
            "tags": {
              "Name": "private_app_subnet_az1"
            },
            "tags_all": {
              "Name": "private_app_subnet_az1"
            },
            "timeouts": null,
            "vpc_id": "vpc-0cdffd6a2ae4573b1"
          },
          "sensitive_attributes": [],
          "private": "eyJlMmJmYjczMC1lY2FhLTExZTYtOGY4OC0zNDM2M2JjN2M0YzAiOnsiY3JlYXRlIjo2MDAwMDAwMDAwMDAsImRlbGV0ZSI6MTIwMDAwMDAwMDAwMH0sInNjaGVtYV92ZXJzaW9uIjoiMSJ9",
          "dependencies": [
            "module.VPC.aws_vpc.gxi_vpc",
            "module.VPC.data.aws_availability_zones.available_zones"
          ]
        }
      ]
    },
    {
      "module": "module.VPC",
      "mode": "managed",
      "type": "aws_subnet",
      "name": "private_app_subnet_az2",
      "provider": "provider[\"registry.terraform.io/hashicorp/aws\"]",
      "instances": [
        {
          "schema_version": 1,
          "attributes": {
            "arn": "arn:aws:ec2:us-east-1:505724956953:subnet/subnet-0ae7885f2727831d4",
            "assign_ipv6_address_on_creation": false,
            "availability_zone": "us-east-1b",
            "availability_zone_id": "use1-az1",
            "cidr_block": "10.0.4.0/24",
            "customer_owned_ipv4_pool": "",
            "enable_dns64": false,
            "enable_resource_name_dns_a_record_on_launch": false,
            "enable_resource_name_dns_aaaa_record_on_launch": false,
            "id": "subnet-0ae7885f2727831d4",
            "ipv6_cidr_block": "",
            "ipv6_cidr_block_association_id": "",
            "ipv6_native": false,
            "map_customer_owned_ip_on_launch": false,
            "map_public_ip_on_launch": false,
            "outpost_arn": "",
            "owner_id": "505724956953",
            "private_dns_hostname_type_on_launch": "ip-name",
            "tags": {
              "Name": "private_app_subnet_az2"
            },
            "tags_all": {
              "Name": "private_app_subnet_az2"
            },
            "timeouts": null,
            "vpc_id": "vpc-0cdffd6a2ae4573b1"
          },
          "sensitive_attributes": [],
          "private": "eyJlMmJmYjczMC1lY2FhLTExZTYtOGY4OC0zNDM2M2JjN2M0YzAiOnsiY3JlYXRlIjo2MDAwMDAwMDAwMDAsImRlbGV0ZSI6MTIwMDAwMDAwMDAwMH0sInNjaGVtYV92ZXJzaW9uIjoiMSJ9",
          "dependencies": [
            "module.VPC.aws_vpc.gxi_vpc",
            "module.VPC.data.aws_availability_zones.available_zones"
          ]
        }
      ]
    },
    {
      "module": "module.VPC",
      "mode": "managed",
      "type": "aws_subnet",
      "name": "private_app_subnet_az3",
      "provider": "provider[\"registry.terraform.io/hashicorp/aws\"]",
      "instances": [
        {
          "schema_version": 1,
          "attributes": {
            "arn": "arn:aws:ec2:us-east-1:505724956953:subnet/subnet-06c650ce978d128a8",
            "assign_ipv6_address_on_creation": false,
            "availability_zone": "us-east-1c",
            "availability_zone_id": "use1-az2",
            "cidr_block": "10.0.5.0/24",
            "customer_owned_ipv4_pool": "",
            "enable_dns64": false,
            "enable_resource_name_dns_a_record_on_launch": false,
            "enable_resource_name_dns_aaaa_record_on_launch": false,
            "id": "subnet-06c650ce978d128a8",
            "ipv6_cidr_block": "",
            "ipv6_cidr_block_association_id": "",
            "ipv6_native": false,
            "map_customer_owned_ip_on_launch": false,
            "map_public_ip_on_launch": false,
            "outpost_arn": "",
            "owner_id": "505724956953",
            "private_dns_hostname_type_on_launch": "ip-name",
            "tags": {
              "Name": "private_app_subnet_az3"
            },
            "tags_all": {
              "Name": "private_app_subnet_az3"
            },
            "timeouts": null,
            "vpc_id": "vpc-0cdffd6a2ae4573b1"
          },
          "sensitive_attributes": [],
          "private": "eyJlMmJmYjczMC1lY2FhLTExZTYtOGY4OC0zNDM2M2JjN2M0YzAiOnsiY3JlYXRlIjo2MDAwMDAwMDAwMDAsImRlbGV0ZSI6MTIwMDAwMDAwMDAwMH0sInNjaGVtYV92ZXJzaW9uIjoiMSJ9",
          "dependencies": [
            "module.VPC.aws_vpc.gxi_vpc",
            "module.VPC.data.aws_availability_zones.available_zones"
          ]
        }
      ]
    },
    {
      "module": "module.VPC",
      "mode": "managed",
      "type": "aws_subnet",
      "name": "private_data_subnet_az1",
      "provider": "provider[\"registry.terraform.io/hashicorp/aws\"]",
      "instances": [
        {
          "schema_version": 1,
          "attributes": {
            "arn": "arn:aws:ec2:us-east-1:505724956953:subnet/subnet-020744fb426adf101",
            "assign_ipv6_address_on_creation": false,
            "availability_zone": "us-east-1a",
            "availability_zone_id": "use1-az6",
            "cidr_block": "10.0.6.0/24",
            "customer_owned_ipv4_pool": "",
            "enable_dns64": false,
            "enable_resource_name_dns_a_record_on_launch": false,
            "enable_resource_name_dns_aaaa_record_on_launch": false,
            "id": "subnet-020744fb426adf101",
            "ipv6_cidr_block": "",
            "ipv6_cidr_block_association_id": "",
            "ipv6_native": false,
            "map_customer_owned_ip_on_launch": false,
            "map_public_ip_on_launch": false,
            "outpost_arn": "",
            "owner_id": "505724956953",
            "private_dns_hostname_type_on_launch": "ip-name",
            "tags": {
              "Name": "private_data_subnet_az1"
            },
            "tags_all": {
              "Name": "private_data_subnet_az1"
            },
            "timeouts": null,
            "vpc_id": "vpc-0cdffd6a2ae4573b1"
          },
          "sensitive_attributes": [],
          "private": "eyJlMmJmYjczMC1lY2FhLTExZTYtOGY4OC0zNDM2M2JjN2M0YzAiOnsiY3JlYXRlIjo2MDAwMDAwMDAwMDAsImRlbGV0ZSI6MTIwMDAwMDAwMDAwMH0sInNjaGVtYV92ZXJzaW9uIjoiMSJ9",
          "dependencies": [
            "module.VPC.aws_vpc.gxi_vpc",
            "module.VPC.data.aws_availability_zones.available_zones"
          ]
        }
      ]
    },
    {
      "module": "module.VPC",
      "mode": "managed",
      "type": "aws_subnet",
      "name": "private_data_subnet_az2",
      "provider": "provider[\"registry.terraform.io/hashicorp/aws\"]",
      "instances": [
        {
          "schema_version": 1,
          "attributes": {
            "arn": "arn:aws:ec2:us-east-1:505724956953:subnet/subnet-0515631bc7631c5a1",
            "assign_ipv6_address_on_creation": false,
            "availability_zone": "us-east-1b",
            "availability_zone_id": "use1-az1",
            "cidr_block": "10.0.7.0/24",
            "customer_owned_ipv4_pool": "",
            "enable_dns64": false,
            "enable_resource_name_dns_a_record_on_launch": false,
            "enable_resource_name_dns_aaaa_record_on_launch": false,
            "id": "subnet-0515631bc7631c5a1",
            "ipv6_cidr_block": "",
            "ipv6_cidr_block_association_id": "",
            "ipv6_native": false,
            "map_customer_owned_ip_on_launch": false,
            "map_public_ip_on_launch": false,
            "outpost_arn": "",
            "owner_id": "505724956953",
            "private_dns_hostname_type_on_launch": "ip-name",
            "tags": {
              "Name": "private_data_subnet_az2"
            },
            "tags_all": {
              "Name": "private_data_subnet_az2"
            },
            "timeouts": null,
            "vpc_id": "vpc-0cdffd6a2ae4573b1"
          },
          "sensitive_attributes": [],
          "private": "eyJlMmJmYjczMC1lY2FhLTExZTYtOGY4OC0zNDM2M2JjN2M0YzAiOnsiY3JlYXRlIjo2MDAwMDAwMDAwMDAsImRlbGV0ZSI6MTIwMDAwMDAwMDAwMH0sInNjaGVtYV92ZXJzaW9uIjoiMSJ9",
          "dependencies": [
            "module.VPC.aws_vpc.gxi_vpc",
            "module.VPC.data.aws_availability_zones.available_zones"
          ]
        }
      ]
    },
    {
      "module": "module.VPC",
      "mode": "managed",
      "type": "aws_subnet",
      "name": "private_data_subnet_az3",
      "provider": "provider[\"registry.terraform.io/hashicorp/aws\"]",
      "instances": [
        {
          "schema_version": 1,
          "attributes": {
            "arn": "arn:aws:ec2:us-east-1:505724956953:subnet/subnet-09db0746feedd63bf",
            "assign_ipv6_address_on_creation": false,
            "availability_zone": "us-east-1c",
            "availability_zone_id": "use1-az2",
            "cidr_block": "10.0.8.0/24",
            "customer_owned_ipv4_pool": "",
            "enable_dns64": false,
            "enable_resource_name_dns_a_record_on_launch": false,
            "enable_resource_name_dns_aaaa_record_on_launch": false,
            "id": "subnet-09db0746feedd63bf",
            "ipv6_cidr_block": "",
            "ipv6_cidr_block_association_id": "",
            "ipv6_native": false,
            "map_customer_owned_ip_on_launch": false,
            "map_public_ip_on_launch": false,
            "outpost_arn": "",
            "owner_id": "505724956953",
            "private_dns_hostname_type_on_launch": "ip-name",
            "tags": {
              "Name": "private_data_subnet_az3"
            },
            "tags_all": {
              "Name": "private_data_subnet_az3"
            },
            "timeouts": null,
            "vpc_id": "vpc-0cdffd6a2ae4573b1"
          },
          "sensitive_attributes": [],
          "private": "eyJlMmJmYjczMC1lY2FhLTExZTYtOGY4OC0zNDM2M2JjN2M0YzAiOnsiY3JlYXRlIjo2MDAwMDAwMDAwMDAsImRlbGV0ZSI6MTIwMDAwMDAwMDAwMH0sInNjaGVtYV92ZXJzaW9uIjoiMSJ9",
          "dependencies": [
            "module.VPC.aws_vpc.gxi_vpc",
            "module.VPC.data.aws_availability_zones.available_zones"
          ]
        }
      ]
    },
    {
      "module": "module.VPC",
      "mode": "managed",
      "type": "aws_subnet",
      "name": "public_subnet_az1",
      "provider": "provider[\"registry.terraform.io/hashicorp/aws\"]",
      "instances": [
        {
          "schema_version": 1,
          "attributes": {
            "arn": "arn:aws:ec2:us-east-1:505724956953:subnet/subnet-00f479f38f463f85f",
            "assign_ipv6_address_on_creation": false,
            "availability_zone": "us-east-1a",
            "availability_zone_id": "use1-az6",
            "cidr_block": "10.0.0.0/24",
            "customer_owned_ipv4_pool": "",
            "enable_dns64": false,
            "enable_resource_name_dns_a_record_on_launch": false,
            "enable_resource_name_dns_aaaa_record_on_launch": false,
            "id": "subnet-00f479f38f463f85f",
            "ipv6_cidr_block": "",
            "ipv6_cidr_block_association_id": "",
            "ipv6_native": false,
            "map_customer_owned_ip_on_launch": false,
            "map_public_ip_on_launch": true,
            "outpost_arn": "",
            "owner_id": "505724956953",
            "private_dns_hostname_type_on_launch": "ip-name",
            "tags": {
              "Name": "public_subnet_az1"
            },
            "tags_all": {
              "Name": "public_subnet_az1"
            },
            "timeouts": null,
            "vpc_id": "vpc-0cdffd6a2ae4573b1"
          },
          "sensitive_attributes": [],
          "private": "eyJlMmJmYjczMC1lY2FhLTExZTYtOGY4OC0zNDM2M2JjN2M0YzAiOnsiY3JlYXRlIjo2MDAwMDAwMDAwMDAsImRlbGV0ZSI6MTIwMDAwMDAwMDAwMH0sInNjaGVtYV92ZXJzaW9uIjoiMSJ9",
          "dependencies": [
            "module.VPC.aws_vpc.gxi_vpc",
            "module.VPC.data.aws_availability_zones.available_zones"
          ]
        }
      ]
    },
    {
      "module": "module.VPC",
      "mode": "managed",
      "type": "aws_subnet",
      "name": "public_subnet_az2",
      "provider": "provider[\"registry.terraform.io/hashicorp/aws\"]",
      "instances": [
        {
          "schema_version": 1,
          "attributes": {
            "arn": "arn:aws:ec2:us-east-1:505724956953:subnet/subnet-083427f02aa8a49c7",
            "assign_ipv6_address_on_creation": false,
            "availability_zone": "us-east-1b",
            "availability_zone_id": "use1-az1",
            "cidr_block": "10.0.1.0/24",
            "customer_owned_ipv4_pool": "",
            "enable_dns64": false,
            "enable_resource_name_dns_a_record_on_launch": false,
            "enable_resource_name_dns_aaaa_record_on_launch": false,
            "id": "subnet-083427f02aa8a49c7",
            "ipv6_cidr_block": "",
            "ipv6_cidr_block_association_id": "",
            "ipv6_native": false,
            "map_customer_owned_ip_on_launch": false,
            "map_public_ip_on_launch": true,
            "outpost_arn": "",
            "owner_id": "505724956953",
            "private_dns_hostname_type_on_launch": "ip-name",
            "tags": {
              "Name": "public_subnet_az2"
            },
            "tags_all": {
              "Name": "public_subnet_az2"
            },
            "timeouts": null,
            "vpc_id": "vpc-0cdffd6a2ae4573b1"
          },
          "sensitive_attributes": [],
          "private": "eyJlMmJmYjczMC1lY2FhLTExZTYtOGY4OC0zNDM2M2JjN2M0YzAiOnsiY3JlYXRlIjo2MDAwMDAwMDAwMDAsImRlbGV0ZSI6MTIwMDAwMDAwMDAwMH0sInNjaGVtYV92ZXJzaW9uIjoiMSJ9",
          "dependencies": [
            "module.VPC.aws_vpc.gxi_vpc",
            "module.VPC.data.aws_availability_zones.available_zones"
          ]
        }
      ]
    },
    {
      "module": "module.VPC",
      "mode": "managed",
      "type": "aws_subnet",
      "name": "public_subnet_az3",
      "provider": "provider[\"registry.terraform.io/hashicorp/aws\"]",
      "instances": [
        {
          "schema_version": 1,
          "attributes": {
            "arn": "arn:aws:ec2:us-east-1:505724956953:subnet/subnet-040702419b6f41a03",
            "assign_ipv6_address_on_creation": false,
            "availability_zone": "us-east-1c",
            "availability_zone_id": "use1-az2",
            "cidr_block": "10.0.2.0/24",
            "customer_owned_ipv4_pool": "",
            "enable_dns64": false,
            "enable_resource_name_dns_a_record_on_launch": false,
            "enable_resource_name_dns_aaaa_record_on_launch": false,
            "id": "subnet-040702419b6f41a03",
            "ipv6_cidr_block": "",
            "ipv6_cidr_block_association_id": "",
            "ipv6_native": false,
            "map_customer_owned_ip_on_launch": false,
            "map_public_ip_on_launch": true,
            "outpost_arn": "",
            "owner_id": "505724956953",
            "private_dns_hostname_type_on_launch": "ip-name",
            "tags": {
              "Name": "public_subnet_az3"
            },
            "tags_all": {
              "Name": "public_subnet_az3"
            },
            "timeouts": null,
            "vpc_id": "vpc-0cdffd6a2ae4573b1"
          },
          "sensitive_attributes": [],
          "private": "eyJlMmJmYjczMC1lY2FhLTExZTYtOGY4OC0zNDM2M2JjN2M0YzAiOnsiY3JlYXRlIjo2MDAwMDAwMDAwMDAsImRlbGV0ZSI6MTIwMDAwMDAwMDAwMH0sInNjaGVtYV92ZXJzaW9uIjoiMSJ9",
          "dependencies": [
            "module.VPC.aws_vpc.gxi_vpc",
            "module.VPC.data.aws_availability_zones.available_zones"
          ]
        }
      ]
    },
    {
      "module": "module.VPC",
      "mode": "managed",
      "type": "aws_vpc",
      "name": "gxi_vpc",
      "provider": "provider[\"registry.terraform.io/hashicorp/aws\"]",
      "instances": [
        {
          "schema_version": 1,
          "attributes": {
            "arn": "arn:aws:ec2:us-east-1:505724956953:vpc/vpc-0cdffd6a2ae4573b1",
            "assign_generated_ipv6_cidr_block": false,
            "cidr_block": "10.0.0.0/20",
            "default_network_acl_id": "acl-00d52434fb7160969",
            "default_route_table_id": "rtb-0024daa6db7372fb6",
            "default_security_group_id": "sg-0f66cf37dd484ab69",
            "dhcp_options_id": "dopt-042821668b69e178b",
            "enable_classiclink": false,
            "enable_classiclink_dns_support": false,
            "enable_dns_hostnames": true,
            "enable_dns_support": true,
            "enable_network_address_usage_metrics": false,
            "id": "vpc-0cdffd6a2ae4573b1",
            "instance_tenancy": "default",
            "ipv4_ipam_pool_id": null,
            "ipv4_netmask_length": null,
            "ipv6_association_id": "",
            "ipv6_cidr_block": "",
            "ipv6_cidr_block_network_border_group": "",
            "ipv6_ipam_pool_id": "",
            "ipv6_netmask_length": 0,
            "main_route_table_id": "rtb-0024daa6db7372fb6",
            "owner_id": "505724956953",
            "tags": {
              "Name": "GXI-vpc"
            },
            "tags_all": {
              "Name": "GXI-vpc"
            }
          },
          "sensitive_attributes": [],
          "private": "eyJzY2hlbWFfdmVyc2lvbiI6IjEifQ==",
          "create_before_destroy": true
        }
      ]
    },
    {
      "module": "module.application_load_balancer",
      "mode": "managed",
      "type": "aws_lb",
      "name": "application_load_balancer",
      "provider": "provider[\"registry.terraform.io/hashicorp/aws\"]",
      "instances": [
        {
          "schema_version": 0,
          "attributes": {
            "access_logs": [
              {
                "bucket": "",
                "enabled": false,
                "prefix": ""
              }
            ],
            "arn": "arn:aws:elasticloadbalancing:us-east-1:505724956953:loadbalancer/app/GXI-ALB/f0ea8e86202973e9",
            "arn_suffix": "app/GXI-ALB/f0ea8e86202973e9",
            "customer_owned_ipv4_pool": "",
            "desync_mitigation_mode": "defensive",
            "dns_name": "GXI-ALB-583573798.us-east-1.elb.amazonaws.com",
            "drop_invalid_header_fields": false,
            "enable_cross_zone_load_balancing": true,
            "enable_deletion_protection": false,
            "enable_http2": true,
            "enable_waf_fail_open": false,
            "id": "arn:aws:elasticloadbalancing:us-east-1:505724956953:loadbalancer/app/GXI-ALB/f0ea8e86202973e9",
            "idle_timeout": 60,
            "internal": false,
            "ip_address_type": "ipv4",
            "load_balancer_type": "application",
            "name": "GXI-ALB",
            "name_prefix": null,
            "preserve_host_header": false,
            "security_groups": [
              "sg-0dfdc64759ca3fde5"
            ],
            "subnet_mapping": [
              {
                "allocation_id": "",
                "ipv6_address": "",
                "outpost_id": "",
                "private_ipv4_address": "",
                "subnet_id": "subnet-00f479f38f463f85f"
              },
              {
                "allocation_id": "",
                "ipv6_address": "",
                "outpost_id": "",
                "private_ipv4_address": "",
                "subnet_id": "subnet-040702419b6f41a03"
              },
              {
                "allocation_id": "",
                "ipv6_address": "",
                "outpost_id": "",
                "private_ipv4_address": "",
                "subnet_id": "subnet-083427f02aa8a49c7"
              }
            ],
            "subnets": [
              "subnet-00f479f38f463f85f",
              "subnet-040702419b6f41a03",
              "subnet-083427f02aa8a49c7"
            ],
            "tags": {
              "Name": "GXI-ALB"
            },
            "tags_all": {
              "Name": "GXI-ALB"
            },
            "timeouts": null,
            "vpc_id": "vpc-0cdffd6a2ae4573b1",
            "zone_id": "Z35SXDOTRQ7X7K"
          },
          "sensitive_attributes": [],
          "private": "eyJlMmJmYjczMC1lY2FhLTExZTYtOGY4OC0zNDM2M2JjN2M0YzAiOnsiY3JlYXRlIjo2MDAwMDAwMDAwMDAsImRlbGV0ZSI6NjAwMDAwMDAwMDAwLCJ1cGRhdGUiOjYwMDAwMDAwMDAwMH19",
          "dependencies": [
            "module.VPC.aws_subnet.public_subnet_az1",
            "module.VPC.aws_subnet.public_subnet_az2",
            "module.VPC.aws_subnet.public_subnet_az3",
            "module.VPC.aws_vpc.gxi_vpc",
            "module.VPC.data.aws_availability_zones.available_zones",
            "module.security_groups.aws_security_group.alb_security_group"
          ]
        }
      ]
    },
    {
      "module": "module.application_load_balancer",
      "mode": "managed",
      "type": "aws_lb_listener",
      "name": "alb_http_listener",
      "provider": "provider[\"registry.terraform.io/hashicorp/aws\"]",
      "instances": [
        {
          "schema_version": 0,
          "attributes": {
            "alpn_policy": null,
            "arn": "arn:aws:elasticloadbalancing:us-east-1:505724956953:listener/app/GXI-ALB/f0ea8e86202973e9/6bb36e3293d1f507",
            "certificate_arn": null,
            "default_action": [
              {
                "authenticate_cognito": [],
                "authenticate_oidc": [],
                "fixed_response": [],
                "forward": [],
                "order": 1,
                "redirect": [],
                "target_group_arn": "arn:aws:elasticloadbalancing:us-east-1:505724956953:targetgroup/GXI-TG/e5323010cbff13e6",
                "type": "forward"
              }
            ],
            "id": "arn:aws:elasticloadbalancing:us-east-1:505724956953:listener/app/GXI-ALB/f0ea8e86202973e9/6bb36e3293d1f507",
            "load_balancer_arn": "arn:aws:elasticloadbalancing:us-east-1:505724956953:loadbalancer/app/GXI-ALB/f0ea8e86202973e9",
            "port": 80,
            "protocol": "HTTP",
            "ssl_policy": "",
            "tags": {},
            "tags_all": {},
            "timeouts": null
          },
          "sensitive_attributes": [],
          "private": "eyJlMmJmYjczMC1lY2FhLTExZTYtOGY4OC0zNDM2M2JjN2M0YzAiOnsicmVhZCI6NjAwMDAwMDAwMDAwfX0=",
          "dependencies": [
            "module.VPC.aws_subnet.public_subnet_az1",
            "module.VPC.aws_subnet.public_subnet_az2",
            "module.VPC.aws_subnet.public_subnet_az3",
            "module.VPC.aws_vpc.gxi_vpc",
            "module.VPC.data.aws_availability_zones.available_zones",
            "module.application_load_balancer.aws_lb.application_load_balancer",
            "module.application_load_balancer.aws_lb_target_group.alb_target_group",
            "module.security_groups.aws_security_group.alb_security_group"
          ]
        }
      ]
    },
    {
      "module": "module.application_load_balancer",
      "mode": "managed",
      "type": "aws_lb_target_group",
      "name": "alb_target_group",
      "provider": "provider[\"registry.terraform.io/hashicorp/aws\"]",
      "instances": [
        {
          "schema_version": 0,
          "attributes": {
            "arn": "arn:aws:elasticloadbalancing:us-east-1:505724956953:targetgroup/GXI-TG/e5323010cbff13e6",
            "arn_suffix": "targetgroup/GXI-TG/e5323010cbff13e6",
            "connection_termination": false,
            "deregistration_delay": "300",
            "health_check": [
              {
                "enabled": true,
                "healthy_threshold": 10,
                "interval": 300,
                "matcher": "200",
                "path": "/",
                "port": "traffic-port",
                "protocol": "HTTP",
                "timeout": 60,
                "unhealthy_threshold": 10
              }
            ],
            "id": "arn:aws:elasticloadbalancing:us-east-1:505724956953:targetgroup/GXI-TG/e5323010cbff13e6",
            "ip_address_type": "ipv4",
            "lambda_multi_value_headers_enabled": false,
            "load_balancing_algorithm_type": "round_robin",
            "name": "GXI-TG",
            "name_prefix": null,
            "port": 80,
            "preserve_client_ip": null,
            "protocol": "HTTP",
            "protocol_version": "HTTP1",
            "proxy_protocol_v2": false,
            "slow_start": 0,
            "stickiness": [
              {
                "cookie_duration": 86400,
                "cookie_name": "",
                "enabled": false,
                "type": "lb_cookie"
              }
            ],
            "tags": {},
            "tags_all": {},
            "target_failover": [
              {
                "on_deregistration": null,
                "on_unhealthy": null
              }
            ],
            "target_type": "instance",
            "vpc_id": "vpc-0cdffd6a2ae4573b1"
          },
          "sensitive_attributes": [],
          "private": "bnVsbA==",
          "dependencies": [
            "module.VPC.aws_vpc.gxi_vpc"
          ],
          "create_before_destroy": true
        }
      ]
    },
    {
      "module": "module.application_load_balancer",
      "mode": "managed",
      "type": "aws_lb_target_group_attachment",
      "name": "target_attachment1",
      "provider": "provider[\"registry.terraform.io/hashicorp/aws\"]",
      "instances": [
        {
          "schema_version": 0,
          "attributes": {
            "availability_zone": null,
            "id": "arn:aws:elasticloadbalancing:us-east-1:505724956953:targetgroup/GXI-TG/e5323010cbff13e6-20230221070553289100000009",
            "port": null,
            "target_group_arn": "arn:aws:elasticloadbalancing:us-east-1:505724956953:targetgroup/GXI-TG/e5323010cbff13e6",
            "target_id": "i-03c7146eda0d84370"
          },
          "sensitive_attributes": [],
          "private": "bnVsbA==",
          "dependencies": [
            "module.EC2.aws_instance.instance_az1",
            "module.VPC.aws_subnet.private_app_subnet_az1",
            "module.application_load_balancer.aws_lb_target_group.alb_target_group",
            "module.security_groups.aws_security_group.private_subnet_security_group"
          ]
        }
      ]
    },
    {
      "module": "module.application_load_balancer",
      "mode": "managed",
      "type": "aws_lb_target_group_attachment",
      "name": "target_attachment2",
      "provider": "provider[\"registry.terraform.io/hashicorp/aws\"]",
      "instances": [
        {
          "schema_version": 0,
          "attributes": {
            "availability_zone": null,
            "id": "arn:aws:elasticloadbalancing:us-east-1:505724956953:targetgroup/GXI-TG/e5323010cbff13e6-20230221070407701800000006",
            "port": null,
            "target_group_arn": "arn:aws:elasticloadbalancing:us-east-1:505724956953:targetgroup/GXI-TG/e5323010cbff13e6",
            "target_id": "i-0cdbb97bb10945718"
          },
          "sensitive_attributes": [],
          "private": "bnVsbA==",
          "dependencies": [
            "module.EC2.aws_instance.instance_az2",
            "module.VPC.aws_subnet.private_app_subnet_az2",
            "module.application_load_balancer.aws_lb_target_group.alb_target_group",
            "module.security_groups.aws_security_group.private_subnet_security_group"
          ]
        }
      ]
    },
    {
      "module": "module.application_load_balancer",
      "mode": "managed",
      "type": "aws_lb_target_group_attachment",
      "name": "target_attachment3",
      "provider": "provider[\"registry.terraform.io/hashicorp/aws\"]",
      "instances": [
        {
          "schema_version": 0,
          "attributes": {
            "availability_zone": null,
            "id": "arn:aws:elasticloadbalancing:us-east-1:505724956953:targetgroup/GXI-TG/e5323010cbff13e6-20230221070407574700000005",
            "port": null,
            "target_group_arn": "arn:aws:elasticloadbalancing:us-east-1:505724956953:targetgroup/GXI-TG/e5323010cbff13e6",
            "target_id": "i-0aa6727c7bc4496ff"
          },
          "sensitive_attributes": [],
          "private": "bnVsbA==",
          "dependencies": [
            "module.EC2.aws_instance.instance_az3",
            "module.VPC.aws_subnet.private_app_subnet_az3",
            "module.application_load_balancer.aws_lb_target_group.alb_target_group",
            "module.security_groups.aws_security_group.private_subnet_security_group"
          ]
        }
      ]
    },
    {
      "module": "module.nat_gateway",
      "mode": "managed",
      "type": "aws_eip",
      "name": "eip_for_nat_gateway_az1",
      "provider": "provider[\"registry.terraform.io/hashicorp/aws\"]",
      "instances": [
        {
          "schema_version": 0,
          "attributes": {
            "address": null,
            "allocation_id": "eipalloc-047c1dd7110c63dab",
            "associate_with_private_ip": null,
            "association_id": "eipassoc-07fffc71d7464ec96",
            "carrier_ip": "",
            "customer_owned_ip": "",
            "customer_owned_ipv4_pool": "",
            "domain": "vpc",
            "id": "eipalloc-047c1dd7110c63dab",
            "instance": "",
            "network_border_group": "us-east-1",
            "network_interface": "eni-0922901cb5037b883",
            "private_dns": "ip-10-0-0-85.ec2.internal",
            "private_ip": "10.0.0.85",
            "public_dns": "ec2-3-224-78-105.compute-1.amazonaws.com",
            "public_ip": "3.224.78.105",
            "public_ipv4_pool": "amazon",
            "tags": {
              "Name": "nat gateway az1 eip"
            },
            "tags_all": {
              "Name": "nat gateway az1 eip"
            },
            "timeouts": null,
            "vpc": true
          },
          "sensitive_attributes": [],
          "private": "eyJlMmJmYjczMC1lY2FhLTExZTYtOGY4OC0zNDM2M2JjN2M0YzAiOnsiZGVsZXRlIjoxODAwMDAwMDAwMDAsInJlYWQiOjkwMDAwMDAwMDAwMCwidXBkYXRlIjozMDAwMDAwMDAwMDB9fQ=="
        }
      ]
    },
    {
      "module": "module.nat_gateway",
      "mode": "managed",
      "type": "aws_eip",
      "name": "eip_for_nat_gateway_az2",
      "provider": "provider[\"registry.terraform.io/hashicorp/aws\"]",
      "instances": [
        {
          "schema_version": 0,
          "attributes": {
            "address": null,
            "allocation_id": "eipalloc-029d45b734ecf8b71",
            "associate_with_private_ip": null,
            "association_id": "eipassoc-0abdb6a43742c3f76",
            "carrier_ip": "",
            "customer_owned_ip": "",
            "customer_owned_ipv4_pool": "",
            "domain": "vpc",
            "id": "eipalloc-029d45b734ecf8b71",
            "instance": "",
            "network_border_group": "us-east-1",
            "network_interface": "eni-027c352bd7f3f31da",
            "private_dns": "ip-10-0-1-189.ec2.internal",
            "private_ip": "10.0.1.189",
            "public_dns": "ec2-3-218-42-87.compute-1.amazonaws.com",
            "public_ip": "3.218.42.87",
            "public_ipv4_pool": "amazon",
            "tags": {
              "Name": "nat gateway az2 eip"
            },
            "tags_all": {
              "Name": "nat gateway az2 eip"
            },
            "timeouts": null,
            "vpc": true
          },
          "sensitive_attributes": [],
          "private": "eyJlMmJmYjczMC1lY2FhLTExZTYtOGY4OC0zNDM2M2JjN2M0YzAiOnsiZGVsZXRlIjoxODAwMDAwMDAwMDAsInJlYWQiOjkwMDAwMDAwMDAwMCwidXBkYXRlIjozMDAwMDAwMDAwMDB9fQ=="
        }
      ]
    },
    {
      "module": "module.nat_gateway",
      "mode": "managed",
      "type": "aws_eip",
      "name": "eip_for_nat_gateway_az3",
      "provider": "provider[\"registry.terraform.io/hashicorp/aws\"]",
      "instances": [
        {
          "schema_version": 0,
          "attributes": {
            "address": null,
            "allocation_id": "eipalloc-03ccc253b43eeb8c2",
            "associate_with_private_ip": null,
            "association_id": "eipassoc-0d8f78748b8e4387b",
            "carrier_ip": "",
            "customer_owned_ip": "",
            "customer_owned_ipv4_pool": "",
            "domain": "vpc",
            "id": "eipalloc-03ccc253b43eeb8c2",
            "instance": "",
            "network_border_group": "us-east-1",
            "network_interface": "eni-0a42e457b5060f9c6",
            "private_dns": "ip-10-0-2-35.ec2.internal",
            "private_ip": "10.0.2.35",
            "public_dns": "ec2-44-205-149-59.compute-1.amazonaws.com",
            "public_ip": "44.205.149.59",
            "public_ipv4_pool": "amazon",
            "tags": {
              "Name": "nat gateway az3 eip"
            },
            "tags_all": {
              "Name": "nat gateway az3 eip"
            },
            "timeouts": null,
            "vpc": true
          },
          "sensitive_attributes": [],
          "private": "eyJlMmJmYjczMC1lY2FhLTExZTYtOGY4OC0zNDM2M2JjN2M0YzAiOnsiZGVsZXRlIjoxODAwMDAwMDAwMDAsInJlYWQiOjkwMDAwMDAwMDAwMCwidXBkYXRlIjozMDAwMDAwMDAwMDB9fQ=="
        }
      ]
    },
    {
      "module": "module.nat_gateway",
      "mode": "managed",
      "type": "aws_nat_gateway",
      "name": "nat_gateway_az1",
      "provider": "provider[\"registry.terraform.io/hashicorp/aws\"]",
      "instances": [
        {
          "schema_version": 0,
          "attributes": {
            "allocation_id": "eipalloc-047c1dd7110c63dab",
            "connectivity_type": "public",
            "id": "nat-0c8b0eed0b430a532",
            "network_interface_id": "eni-0922901cb5037b883",
            "private_ip": "10.0.0.85",
            "public_ip": "3.224.78.105",
            "subnet_id": "subnet-00f479f38f463f85f",
            "tags": {
              "Name": "nat gateway az1"
            },
            "tags_all": {
              "Name": "nat gateway az1"
            }
          },
          "sensitive_attributes": [],
          "private": "bnVsbA==",
          "dependencies": [
            "module.VPC.aws_internet_gateway.igw",
            "module.VPC.aws_subnet.public_subnet_az1",
            "module.VPC.aws_vpc.gxi_vpc",
            "module.VPC.data.aws_availability_zones.available_zones",
            "module.nat_gateway.aws_eip.eip_for_nat_gateway_az1"
          ]
        }
      ]
    },
    {
      "module": "module.nat_gateway",
      "mode": "managed",
      "type": "aws_nat_gateway",
      "name": "nat_gateway_az2",
      "provider": "provider[\"registry.terraform.io/hashicorp/aws\"]",
      "instances": [
        {
          "schema_version": 0,
          "attributes": {
            "allocation_id": "eipalloc-029d45b734ecf8b71",
            "connectivity_type": "public",
            "id": "nat-0a256aed38ac0c54e",
            "network_interface_id": "eni-027c352bd7f3f31da",
            "private_ip": "10.0.1.189",
            "public_ip": "3.218.42.87",
            "subnet_id": "subnet-083427f02aa8a49c7",
            "tags": {
              "Name": "nat gateway az2"
            },
            "tags_all": {
              "Name": "nat gateway az2"
            }
          },
          "sensitive_attributes": [],
          "private": "bnVsbA==",
          "dependencies": [
            "module.VPC.aws_internet_gateway.igw",
            "module.VPC.aws_subnet.public_subnet_az2",
            "module.VPC.aws_vpc.gxi_vpc",
            "module.VPC.data.aws_availability_zones.available_zones",
            "module.nat_gateway.aws_eip.eip_for_nat_gateway_az2"
          ]
        }
      ]
    },
    {
      "module": "module.nat_gateway",
      "mode": "managed",
      "type": "aws_nat_gateway",
      "name": "nat_gateway_az3",
      "provider": "provider[\"registry.terraform.io/hashicorp/aws\"]",
      "instances": [
        {
          "schema_version": 0,
          "attributes": {
            "allocation_id": "eipalloc-03ccc253b43eeb8c2",
            "connectivity_type": "public",
            "id": "nat-0a2f56c8e5046434c",
            "network_interface_id": "eni-0a42e457b5060f9c6",
            "private_ip": "10.0.2.35",
            "public_ip": "44.205.149.59",
            "subnet_id": "subnet-040702419b6f41a03",
            "tags": {
              "Name": "nat gateway az3"
            },
            "tags_all": {
              "Name": "nat gateway az3"
            }
          },
          "sensitive_attributes": [],
          "private": "bnVsbA==",
          "dependencies": [
            "module.VPC.aws_internet_gateway.igw",
            "module.VPC.aws_subnet.public_subnet_az3",
            "module.VPC.aws_vpc.gxi_vpc",
            "module.VPC.data.aws_availability_zones.available_zones",
            "module.nat_gateway.aws_eip.eip_for_nat_gateway_az3"
          ]
        }
      ]
    },
    {
      "module": "module.nat_gateway",
      "mode": "managed",
      "type": "aws_route_table",
      "name": "private_route_table_az1",
      "provider": "provider[\"registry.terraform.io/hashicorp/aws\"]",
      "instances": [
        {
          "schema_version": 0,
          "attributes": {
            "arn": "arn:aws:ec2:us-east-1:505724956953:route-table/rtb-0c265ac46a28e3819",
            "id": "rtb-0c265ac46a28e3819",
            "owner_id": "505724956953",
            "propagating_vgws": [],
            "route": [
              {
                "carrier_gateway_id": "",
                "cidr_block": "0.0.0.0/0",
                "core_network_arn": "",
                "destination_prefix_list_id": "",
                "egress_only_gateway_id": "",
                "gateway_id": "",
                "instance_id": "",
                "ipv6_cidr_block": "",
                "local_gateway_id": "",
                "nat_gateway_id": "nat-0c8b0eed0b430a532",
                "network_interface_id": "",
                "transit_gateway_id": "",
                "vpc_endpoint_id": "",
                "vpc_peering_connection_id": ""
              }
            ],
            "tags": {
              "Name": "private route table az1"
            },
            "tags_all": {
              "Name": "private route table az1"
            },
            "timeouts": null,
            "vpc_id": "vpc-0cdffd6a2ae4573b1"
          },
          "sensitive_attributes": [],
          "private": "eyJlMmJmYjczMC1lY2FhLTExZTYtOGY4OC0zNDM2M2JjN2M0YzAiOnsiY3JlYXRlIjozMDAwMDAwMDAwMDAsImRlbGV0ZSI6MzAwMDAwMDAwMDAwLCJ1cGRhdGUiOjEyMDAwMDAwMDAwMH19",
          "dependencies": [
            "module.VPC.aws_internet_gateway.igw",
            "module.VPC.aws_subnet.public_subnet_az1",
            "module.VPC.aws_vpc.gxi_vpc",
            "module.VPC.data.aws_availability_zones.available_zones",
            "module.nat_gateway.aws_eip.eip_for_nat_gateway_az1",
            "module.nat_gateway.aws_nat_gateway.nat_gateway_az1"
          ]
        }
      ]
    },
    {
      "module": "module.nat_gateway",
      "mode": "managed",
      "type": "aws_route_table",
      "name": "private_route_table_az2",
      "provider": "provider[\"registry.terraform.io/hashicorp/aws\"]",
      "instances": [
        {
          "schema_version": 0,
          "attributes": {
            "arn": "arn:aws:ec2:us-east-1:505724956953:route-table/rtb-04bedfb8f467ff251",
            "id": "rtb-04bedfb8f467ff251",
            "owner_id": "505724956953",
            "propagating_vgws": [],
            "route": [
              {
                "carrier_gateway_id": "",
                "cidr_block": "0.0.0.0/0",
                "core_network_arn": "",
                "destination_prefix_list_id": "",
                "egress_only_gateway_id": "",
                "gateway_id": "",
                "instance_id": "",
                "ipv6_cidr_block": "",
                "local_gateway_id": "",
                "nat_gateway_id": "nat-0a256aed38ac0c54e",
                "network_interface_id": "",
                "transit_gateway_id": "",
                "vpc_endpoint_id": "",
                "vpc_peering_connection_id": ""
              }
            ],
            "tags": {
              "Name": "private route table az2"
            },
            "tags_all": {
              "Name": "private route table az2"
            },
            "timeouts": null,
            "vpc_id": "vpc-0cdffd6a2ae4573b1"
          },
          "sensitive_attributes": [],
          "private": "eyJlMmJmYjczMC1lY2FhLTExZTYtOGY4OC0zNDM2M2JjN2M0YzAiOnsiY3JlYXRlIjozMDAwMDAwMDAwMDAsImRlbGV0ZSI6MzAwMDAwMDAwMDAwLCJ1cGRhdGUiOjEyMDAwMDAwMDAwMH19",
          "dependencies": [
            "module.VPC.aws_internet_gateway.igw",
            "module.VPC.aws_subnet.public_subnet_az2",
            "module.VPC.aws_vpc.gxi_vpc",
            "module.VPC.data.aws_availability_zones.available_zones",
            "module.nat_gateway.aws_eip.eip_for_nat_gateway_az2",
            "module.nat_gateway.aws_nat_gateway.nat_gateway_az2"
          ]
        }
      ]
    },
    {
      "module": "module.nat_gateway",
      "mode": "managed",
      "type": "aws_route_table",
      "name": "private_route_table_az3",
      "provider": "provider[\"registry.terraform.io/hashicorp/aws\"]",
      "instances": [
        {
          "schema_version": 0,
          "attributes": {
            "arn": "arn:aws:ec2:us-east-1:505724956953:route-table/rtb-0537a55a11e40756c",
            "id": "rtb-0537a55a11e40756c",
            "owner_id": "505724956953",
            "propagating_vgws": [],
            "route": [
              {
                "carrier_gateway_id": "",
                "cidr_block": "0.0.0.0/0",
                "core_network_arn": "",
                "destination_prefix_list_id": "",
                "egress_only_gateway_id": "",
                "gateway_id": "",
                "instance_id": "",
                "ipv6_cidr_block": "",
                "local_gateway_id": "",
                "nat_gateway_id": "nat-0a2f56c8e5046434c",
                "network_interface_id": "",
                "transit_gateway_id": "",
                "vpc_endpoint_id": "",
                "vpc_peering_connection_id": ""
              }
            ],
            "tags": {
              "Name": "private route table az3"
            },
            "tags_all": {
              "Name": "private route table az3"
            },
            "timeouts": null,
            "vpc_id": "vpc-0cdffd6a2ae4573b1"
          },
          "sensitive_attributes": [],
          "private": "eyJlMmJmYjczMC1lY2FhLTExZTYtOGY4OC0zNDM2M2JjN2M0YzAiOnsiY3JlYXRlIjozMDAwMDAwMDAwMDAsImRlbGV0ZSI6MzAwMDAwMDAwMDAwLCJ1cGRhdGUiOjEyMDAwMDAwMDAwMH19",
          "dependencies": [
            "module.VPC.aws_internet_gateway.igw",
            "module.VPC.aws_subnet.public_subnet_az3",
            "module.VPC.aws_vpc.gxi_vpc",
            "module.VPC.data.aws_availability_zones.available_zones",
            "module.nat_gateway.aws_eip.eip_for_nat_gateway_az3",
            "module.nat_gateway.aws_nat_gateway.nat_gateway_az3"
          ]
        }
      ]
    },
    {
      "module": "module.nat_gateway",
      "mode": "managed",
      "type": "aws_route_table_association",
      "name": "private_app_subnet_az1_route_table_az1_association",
      "provider": "provider[\"registry.terraform.io/hashicorp/aws\"]",
      "instances": [
        {
          "schema_version": 0,
          "attributes": {
            "gateway_id": "",
            "id": "rtbassoc-06ab4123a3375a3a9",
            "route_table_id": "rtb-0c265ac46a28e3819",
            "subnet_id": "subnet-02c8c140072ef3499"
          },
          "sensitive_attributes": [],
          "private": "bnVsbA==",
          "dependencies": [
            "module.VPC.aws_internet_gateway.igw",
            "module.VPC.aws_subnet.private_app_subnet_az1",
            "module.VPC.aws_subnet.public_subnet_az1",
            "module.VPC.aws_vpc.gxi_vpc",
            "module.VPC.data.aws_availability_zones.available_zones",
            "module.nat_gateway.aws_eip.eip_for_nat_gateway_az1",
            "module.nat_gateway.aws_nat_gateway.nat_gateway_az1",
            "module.nat_gateway.aws_route_table.private_route_table_az1"
          ]
        }
      ]
    },
    {
      "module": "module.nat_gateway",
      "mode": "managed",
      "type": "aws_route_table_association",
      "name": "private_app_subnet_az2_route_table_az2_association",
      "provider": "provider[\"registry.terraform.io/hashicorp/aws\"]",
      "instances": [
        {
          "schema_version": 0,
          "attributes": {
            "gateway_id": "",
            "id": "rtbassoc-06f773ef8de7d22b4",
            "route_table_id": "rtb-04bedfb8f467ff251",
            "subnet_id": "subnet-0ae7885f2727831d4"
          },
          "sensitive_attributes": [],
          "private": "bnVsbA==",
          "dependencies": [
            "module.VPC.aws_internet_gateway.igw",
            "module.VPC.aws_subnet.private_app_subnet_az2",
            "module.VPC.aws_subnet.public_subnet_az2",
            "module.VPC.aws_vpc.gxi_vpc",
            "module.VPC.data.aws_availability_zones.available_zones",
            "module.nat_gateway.aws_eip.eip_for_nat_gateway_az2",
            "module.nat_gateway.aws_nat_gateway.nat_gateway_az2",
            "module.nat_gateway.aws_route_table.private_route_table_az2"
          ]
        }
      ]
    },
    {
      "module": "module.nat_gateway",
      "mode": "managed",
      "type": "aws_route_table_association",
      "name": "private_app_subnet_az3_route_table_az3_association",
      "provider": "provider[\"registry.terraform.io/hashicorp/aws\"]",
      "instances": [
        {
          "schema_version": 0,
          "attributes": {
            "gateway_id": "",
            "id": "rtbassoc-0979b329e5f8ad6dc",
            "route_table_id": "rtb-0537a55a11e40756c",
            "subnet_id": "subnet-06c650ce978d128a8"
          },
          "sensitive_attributes": [],
          "private": "bnVsbA==",
          "dependencies": [
            "module.VPC.aws_internet_gateway.igw",
            "module.VPC.aws_subnet.private_app_subnet_az3",
            "module.VPC.aws_subnet.public_subnet_az3",
            "module.VPC.aws_vpc.gxi_vpc",
            "module.VPC.data.aws_availability_zones.available_zones",
            "module.nat_gateway.aws_eip.eip_for_nat_gateway_az3",
            "module.nat_gateway.aws_nat_gateway.nat_gateway_az3",
            "module.nat_gateway.aws_route_table.private_route_table_az3"
          ]
        }
      ]
    },
    {
      "module": "module.nat_gateway",
      "mode": "managed",
      "type": "aws_route_table_association",
      "name": "private_data_subnet_az1_route_table_az1_association",
      "provider": "provider[\"registry.terraform.io/hashicorp/aws\"]",
      "instances": [
        {
          "schema_version": 0,
          "attributes": {
            "gateway_id": "",
            "id": "rtbassoc-0e2029bb9d2342e5b",
            "route_table_id": "rtb-0c265ac46a28e3819",
            "subnet_id": "subnet-020744fb426adf101"
          },
          "sensitive_attributes": [],
          "private": "bnVsbA==",
          "dependencies": [
            "module.VPC.aws_internet_gateway.igw",
            "module.VPC.aws_subnet.private_data_subnet_az1",
            "module.VPC.aws_subnet.public_subnet_az1",
            "module.VPC.aws_vpc.gxi_vpc",
            "module.VPC.data.aws_availability_zones.available_zones",
            "module.nat_gateway.aws_eip.eip_for_nat_gateway_az1",
            "module.nat_gateway.aws_nat_gateway.nat_gateway_az1",
            "module.nat_gateway.aws_route_table.private_route_table_az1"
          ]
        }
      ]
    },
    {
      "module": "module.nat_gateway",
      "mode": "managed",
      "type": "aws_route_table_association",
      "name": "private_data_subnet_az2_route_table_az2_association",
      "provider": "provider[\"registry.terraform.io/hashicorp/aws\"]",
      "instances": [
        {
          "schema_version": 0,
          "attributes": {
            "gateway_id": "",
            "id": "rtbassoc-0d0f48ad29ae09292",
            "route_table_id": "rtb-04bedfb8f467ff251",
            "subnet_id": "subnet-0515631bc7631c5a1"
          },
          "sensitive_attributes": [],
          "private": "bnVsbA==",
          "dependencies": [
            "module.VPC.aws_internet_gateway.igw",
            "module.VPC.aws_subnet.private_data_subnet_az2",
            "module.VPC.aws_subnet.public_subnet_az2",
            "module.VPC.aws_vpc.gxi_vpc",
            "module.VPC.data.aws_availability_zones.available_zones",
            "module.nat_gateway.aws_eip.eip_for_nat_gateway_az2",
            "module.nat_gateway.aws_nat_gateway.nat_gateway_az2",
            "module.nat_gateway.aws_route_table.private_route_table_az2"
          ]
        }
      ]
    },
    {
      "module": "module.nat_gateway",
      "mode": "managed",
      "type": "aws_route_table_association",
      "name": "private_data_subnet_az3_route_table_az3_association",
      "provider": "provider[\"registry.terraform.io/hashicorp/aws\"]",
      "instances": [
        {
          "schema_version": 0,
          "attributes": {
            "gateway_id": "",
            "id": "rtbassoc-0e2e8cbd950addc91",
            "route_table_id": "rtb-0537a55a11e40756c",
            "subnet_id": "subnet-09db0746feedd63bf"
          },
          "sensitive_attributes": [],
          "private": "bnVsbA==",
          "dependencies": [
            "module.VPC.aws_internet_gateway.igw",
            "module.VPC.aws_subnet.private_data_subnet_az3",
            "module.VPC.aws_subnet.public_subnet_az3",
            "module.VPC.aws_vpc.gxi_vpc",
            "module.VPC.data.aws_availability_zones.available_zones",
            "module.nat_gateway.aws_eip.eip_for_nat_gateway_az3",
            "module.nat_gateway.aws_nat_gateway.nat_gateway_az3",
            "module.nat_gateway.aws_route_table.private_route_table_az3"
          ]
        }
      ]
    },
    {
      "module": "module.security_groups",
      "mode": "managed",
      "type": "aws_security_group",
      "name": "alb_security_group",
      "provider": "provider[\"registry.terraform.io/hashicorp/aws\"]",
      "instances": [
        {
          "schema_version": 1,
          "attributes": {
            "arn": "arn:aws:ec2:us-east-1:505724956953:security-group/sg-0dfdc64759ca3fde5",
            "description": "enable http/https access on port 80/443",
            "egress": [
              {
                "cidr_blocks": [
                  "0.0.0.0/0"
                ],
                "description": "",
                "from_port": 0,
                "ipv6_cidr_blocks": [],
                "prefix_list_ids": [],
                "protocol": "-1",
                "security_groups": [],
                "self": false,
                "to_port": 0
              }
            ],
            "id": "sg-0dfdc64759ca3fde5",
            "ingress": [
              {
                "cidr_blocks": [
                  "0.0.0.0/0"
                ],
                "description": "http access",
                "from_port": 80,
                "ipv6_cidr_blocks": [],
                "prefix_list_ids": [],
                "protocol": "tcp",
                "security_groups": [],
                "self": false,
                "to_port": 80
              },
              {
                "cidr_blocks": [
                  "0.0.0.0/0"
                ],
                "description": "https access",
                "from_port": 443,
                "ipv6_cidr_blocks": [],
                "prefix_list_ids": [],
                "protocol": "tcp",
                "security_groups": [],
                "self": false,
                "to_port": 443
              }
            ],
            "name": "alb security group",
            "name_prefix": "",
            "owner_id": "505724956953",
            "revoke_rules_on_delete": false,
            "tags": {
              "Name": "alb security group"
            },
            "tags_all": {
              "Name": "alb security group"
            },
            "timeouts": null,
            "vpc_id": "vpc-0cdffd6a2ae4573b1"
          },
          "sensitive_attributes": [],
          "private": "eyJlMmJmYjczMC1lY2FhLTExZTYtOGY4OC0zNDM2M2JjN2M0YzAiOnsiY3JlYXRlIjo2MDAwMDAwMDAwMDAsImRlbGV0ZSI6OTAwMDAwMDAwMDAwfSwic2NoZW1hX3ZlcnNpb24iOiIxIn0=",
          "dependencies": [
            "module.VPC.aws_vpc.gxi_vpc"
          ]
        }
      ]
    },
    {
      "module": "module.security_groups",
      "mode": "managed",
      "type": "aws_security_group",
      "name": "bastion_host_security_group",
      "provider": "provider[\"registry.terraform.io/hashicorp/aws\"]",
      "instances": [
        {
          "schema_version": 1,
          "attributes": {
            "arn": "arn:aws:ec2:us-east-1:505724956953:security-group/sg-0ccd3624e9fdedeff",
            "description": "Enable ssh for bastian host",
            "egress": [
              {
                "cidr_blocks": [
                  "0.0.0.0/0"
                ],
                "description": "",
                "from_port": 0,
                "ipv6_cidr_blocks": [],
                "prefix_list_ids": [],
                "protocol": "-1",
                "security_groups": [],
                "self": false,
                "to_port": 0
              }
            ],
            "id": "sg-0ccd3624e9fdedeff",
            "ingress": [
              {
                "cidr_blocks": [
                  "0.0.0.0/0"
                ],
                "description": "ssh access",
                "from_port": 22,
                "ipv6_cidr_blocks": [],
                "prefix_list_ids": [],
                "protocol": "tcp",
                "security_groups": [],
                "self": false,
                "to_port": 22
              }
            ],
            "name": "Bastion host security group",
            "name_prefix": "",
            "owner_id": "505724956953",
            "revoke_rules_on_delete": false,
            "tags": {
              "Name": "Bastion host security group"
            },
            "tags_all": {
              "Name": "Bastion host security group"
            },
            "timeouts": null,
            "vpc_id": "vpc-0cdffd6a2ae4573b1"
          },
          "sensitive_attributes": [],
          "private": "eyJlMmJmYjczMC1lY2FhLTExZTYtOGY4OC0zNDM2M2JjN2M0YzAiOnsiY3JlYXRlIjo2MDAwMDAwMDAwMDAsImRlbGV0ZSI6OTAwMDAwMDAwMDAwfSwic2NoZW1hX3ZlcnNpb24iOiIxIn0=",
          "dependencies": [
            "module.VPC.aws_vpc.gxi_vpc"
          ]
        }
      ]
    },
    {
      "module": "module.security_groups",
      "mode": "managed",
      "type": "aws_security_group",
      "name": "private_subnet_security_group",
      "provider": "provider[\"registry.terraform.io/hashicorp/aws\"]",
      "instances": [
        {
          "schema_version": 1,
          "attributes": {
            "arn": "arn:aws:ec2:us-east-1:505724956953:security-group/sg-071cc64a224127700",
            "description": "enable http/https access on port 80/443 via alb sg",
            "egress": [
              {
                "cidr_blocks": [
                  "0.0.0.0/0"
                ],
                "description": "",
                "from_port": 0,
                "ipv6_cidr_blocks": [],
                "prefix_list_ids": [],
                "protocol": "-1",
                "security_groups": [],
                "self": false,
                "to_port": 0
              }
            ],
            "id": "sg-071cc64a224127700",
            "ingress": [
              {
                "cidr_blocks": [
                  "0.0.0.0/0"
                ],
                "description": "ssh access",
                "from_port": 22,
                "ipv6_cidr_blocks": [],
                "prefix_list_ids": [],
                "protocol": "tcp",
                "security_groups": [],
                "self": false,
                "to_port": 22
              },
              {
                "cidr_blocks": [],
                "description": "http access",
                "from_port": 80,
                "ipv6_cidr_blocks": [],
                "prefix_list_ids": [],
                "protocol": "tcp",
                "security_groups": [
                  "sg-0dfdc64759ca3fde5"
                ],
                "self": false,
                "to_port": 80
              },
              {
                "cidr_blocks": [],
                "description": "https access",
                "from_port": 443,
                "ipv6_cidr_blocks": [],
                "prefix_list_ids": [],
                "protocol": "tcp",
                "security_groups": [
                  "sg-0dfdc64759ca3fde5"
                ],
                "self": false,
                "to_port": 443
              }
            ],
            "name": "private subnet security group",
            "name_prefix": "",
            "owner_id": "505724956953",
            "revoke_rules_on_delete": false,
            "tags": {
              "Name": "private subnet security group"
            },
            "tags_all": {
              "Name": "private subnet security group"
            },
            "timeouts": null,
            "vpc_id": "vpc-0cdffd6a2ae4573b1"
          },
          "sensitive_attributes": [],
          "private": "eyJlMmJmYjczMC1lY2FhLTExZTYtOGY4OC0zNDM2M2JjN2M0YzAiOnsiY3JlYXRlIjo2MDAwMDAwMDAwMDAsImRlbGV0ZSI6OTAwMDAwMDAwMDAwfSwic2NoZW1hX3ZlcnNpb24iOiIxIn0=",
          "dependencies": [
            "module.VPC.aws_vpc.gxi_vpc",
            "module.security_groups.aws_security_group.alb_security_group"
          ]
        }
      ]
    }
  ],
  "check_results": null
}
